// !$*UTF8*$!
{
	archiveVersion = 1;
	classes = {
	};
	objectVersion = 46;
	objects = {

/* Begin PBXBuildFile section */
		730B279C1B182841002629F8 /* sqlite3.c in Sources */ = {isa = PBXBuildFile; fileRef = 730B279A1B182841002629F8 /* sqlite3.c */; };
		730B279E1B18EBB3002629F8 /* GameInputMapper.cpp in Sources */ = {isa = PBXBuildFile; fileRef = 730B279D1B18EBB3002629F8 /* GameInputMapper.cpp */; };
		730B27A01B19164F002629F8 /* keys.lua in Resources */ = {isa = PBXBuildFile; fileRef = 730B279F1B19164F002629F8 /* keys.lua */; };
		730B27AA1B1C12DB002629F8 /* GameSettings.cpp in Sources */ = {isa = PBXBuildFile; fileRef = 730B27A81B1C12DB002629F8 /* GameSettings.cpp */; };
		730B27B11B1C2DB3002629F8 /* AppleFileSystemHelpers.cpp in Sources */ = {isa = PBXBuildFile; fileRef = 730B27AF1B1C2DB3002629F8 /* AppleFileSystemHelpers.cpp */; };
		730B27B41B1CAA4D002629F8 /* StringHelpers.cpp in Sources */ = {isa = PBXBuildFile; fileRef = 730B27B21B1CAA4D002629F8 /* StringHelpers.cpp */; };
		730B27B71B1E35DA002629F8 /* SettingsMenuState.cpp in Sources */ = {isa = PBXBuildFile; fileRef = 730B27B51B1E35DA002629F8 /* SettingsMenuState.cpp */; };
		730B27B91B1E35EA002629F8 /* settings_menu.lua in Resources */ = {isa = PBXBuildFile; fileRef = 730B27B81B1E35EA002629F8 /* settings_menu.lua */; };
		730B27BC1B1E3B2F002629F8 /* settings_menu_sounds.json in Resources */ = {isa = PBXBuildFile; fileRef = 730B27BA1B1E3B2F002629F8 /* settings_menu_sounds.json */; };
		730B27BD1B1E3B2F002629F8 /* settings_menu_textures.json in Resources */ = {isa = PBXBuildFile; fileRef = 730B27BB1B1E3B2F002629F8 /* settings_menu_textures.json */; };
		73568D481B263D6600181CB2 /* battle_sounds.json in Resources */ = {isa = PBXBuildFile; fileRef = 73568D461B263D6600181CB2 /* battle_sounds.json */; };
		73568D491B263D6600181CB2 /* battle_textures.json in Resources */ = {isa = PBXBuildFile; fileRef = 73568D471B263D6600181CB2 /* battle_textures.json */; };
		73568D4C1B26A79E00181CB2 /* PixChicago.ttf in Resources */ = {isa = PBXBuildFile; fileRef = 73568D4B1B26A79E00181CB2 /* PixChicago.ttf */; };
		7377F2CF1B2142E700D43B66 /* GameParty.cpp in Sources */ = {isa = PBXBuildFile; fileRef = 7377F2CD1B2142E700D43B66 /* GameParty.cpp */; };
		7377F2D21B21430D00D43B66 /* GameCharacter.cpp in Sources */ = {isa = PBXBuildFile; fileRef = 7377F2D01B21430D00D43B66 /* GameCharacter.cpp */; };
		7377F2D51B21433500D43B66 /* GameMonster.cpp in Sources */ = {isa = PBXBuildFile; fileRef = 7377F2D31B21433500D43B66 /* GameMonster.cpp */; };
		7384E4201B22123700D956F0 /* slime.json in Resources */ = {isa = PBXBuildFile; fileRef = 7384E41F1B22123700D956F0 /* slime.json */; };
		7384E4231B22529B00D956F0 /* slime.png in Resources */ = {isa = PBXBuildFile; fileRef = 7384E4221B22529B00D956F0 /* slime.png */; };
		7384E4261B22D23600D956F0 /* character01.json in Resources */ = {isa = PBXBuildFile; fileRef = 7384E4241B22D23600D956F0 /* character01.json */; };
		7384E4271B22D23600D956F0 /* character02.json in Resources */ = {isa = PBXBuildFile; fileRef = 7384E4251B22D23600D956F0 /* character02.json */; };
		7384E42B1B22E29700D956F0 /* casie.png in Resources */ = {isa = PBXBuildFile; fileRef = 7384E4291B22E29700D956F0 /* casie.png */; };
		7384E42C1B22E29700D956F0 /* sean.png in Resources */ = {isa = PBXBuildFile; fileRef = 7384E42A1B22E29700D956F0 /* sean.png */; };
		7B342A0B183F09E000BA2C29 /* Cocoa.framework in Frameworks */ = {isa = PBXBuildFile; fileRef = 7B342A0A183F09E000BA2C29 /* Cocoa.framework */; };
		7B342A15183F09E000BA2C29 /* InfoPlist.strings in Resources */ = {isa = PBXBuildFile; fileRef = 7B342A13183F09E000BA2C29 /* InfoPlist.strings */; };
		7B342A42183F0CF600BA2C29 /* OpenGL.framework in Frameworks */ = {isa = PBXBuildFile; fileRef = 7B342A41183F0CF500BA2C29 /* OpenGL.framework */; };
		7B342A4B183F0EE000BA2C29 /* main.cpp in Sources */ = {isa = PBXBuildFile; fileRef = 7B342A49183F0EE000BA2C29 /* main.cpp */; };
		7B342A4E183F15A900BA2C29 /* GameEngine.cpp in Sources */ = {isa = PBXBuildFile; fileRef = 7B342A4C183F15A900BA2C29 /* GameEngine.cpp */; };
		7B342A53183F2D6900BA2C29 /* GameObject.cpp in Sources */ = {isa = PBXBuildFile; fileRef = 7B342A51183F2D6900BA2C29 /* GameObject.cpp */; };
		7B342A56184321DB00BA2C29 /* GameState.cpp in Sources */ = {isa = PBXBuildFile; fileRef = 7B342A54184321DB00BA2C29 /* GameState.cpp */; };
		7B342A5A18439C0D00BA2C29 /* IntroState.cpp in Sources */ = {isa = PBXBuildFile; fileRef = 7B342A5818439C0D00BA2C29 /* IntroState.cpp */; };
		7B342A5F1843E18600BA2C29 /* SDL2_image.framework in Frameworks */ = {isa = PBXBuildFile; fileRef = 7B342A5B1843E18600BA2C29 /* SDL2_image.framework */; };
		7B342A601843E18600BA2C29 /* SDL2_mixer.framework in Frameworks */ = {isa = PBXBuildFile; fileRef = 7B342A5C1843E18600BA2C29 /* SDL2_mixer.framework */; };
		7B342A611843E18600BA2C29 /* SDL2_ttf.framework in Frameworks */ = {isa = PBXBuildFile; fileRef = 7B342A5D1843E18600BA2C29 /* SDL2_ttf.framework */; };
		7B342A621843E18600BA2C29 /* SDL2.framework in Frameworks */ = {isa = PBXBuildFile; fileRef = 7B342A5E1843E18600BA2C29 /* SDL2.framework */; };
		7B342A66184430B300BA2C29 /* GameResource.cpp in Sources */ = {isa = PBXBuildFile; fileRef = 7B342A64184430B300BA2C29 /* GameResource.cpp */; };
		7B342A6A18443A9100BA2C29 /* GameFont.cpp in Sources */ = {isa = PBXBuildFile; fileRef = 7B342A6818443A9100BA2C29 /* GameFont.cpp */; };
		7B342A6D18443AA200BA2C29 /* GameTexture.cpp in Sources */ = {isa = PBXBuildFile; fileRef = 7B342A6B18443AA200BA2C29 /* GameTexture.cpp */; };
		7B342A7018443AAE00BA2C29 /* GameSound.cpp in Sources */ = {isa = PBXBuildFile; fileRef = 7B342A6E18443AAE00BA2C29 /* GameSound.cpp */; };
		7B342A7D1844686600BA2C29 /* Apache License.txt in Resources */ = {isa = PBXBuildFile; fileRef = 7B342A7A1844686600BA2C29 /* Apache License.txt */; };
		7B342A7E1844686600BA2C29 /* DroidSans-Bold.ttf in Resources */ = {isa = PBXBuildFile; fileRef = 7B342A7B1844686600BA2C29 /* DroidSans-Bold.ttf */; };
		7B342A7F1844686600BA2C29 /* DroidSans.ttf in Resources */ = {isa = PBXBuildFile; fileRef = 7B342A7C1844686600BA2C29 /* DroidSans.ttf */; };
		7B53C15A1870F1B500756488 /* dot.png in Resources */ = {isa = PBXBuildFile; fileRef = 7B53C1591870F1B500756488 /* dot.png */; };
		7B53C15E187666B400756488 /* brick-1.png in Resources */ = {isa = PBXBuildFile; fileRef = 7B53C15D187666B400756488 /* brick-1.png */; };
		7B53C160187666C600756488 /* town01.tmx in Resources */ = {isa = PBXBuildFile; fileRef = 7B53C15F187666C600756488 /* town01.tmx */; };
		7B53C162187666E100756488 /* town01.json in Resources */ = {isa = PBXBuildFile; fileRef = 7B53C161187666E100756488 /* town01.json */; };
		7B53C164187A440700756488 /* town.png in Resources */ = {isa = PBXBuildFile; fileRef = 7B53C163187A440700756488 /* town.png */; };
		7B53C16A187A4BA700756488 /* GameMapObject.cpp in Sources */ = {isa = PBXBuildFile; fileRef = 7B53C168187A4BA700756488 /* GameMapObject.cpp */; };
		7B9A6063184D3E810016BA1A /* README in Resources */ = {isa = PBXBuildFile; fileRef = 7B9A6025184D3E810016BA1A /* README */; };
		7B9A6064184D3E810016BA1A /* lapi.c in Sources */ = {isa = PBXBuildFile; fileRef = 7B9A6027184D3E810016BA1A /* lapi.c */; };
		7B9A6065184D3E810016BA1A /* lauxlib.c in Sources */ = {isa = PBXBuildFile; fileRef = 7B9A6029184D3E810016BA1A /* lauxlib.c */; };
		7B9A6066184D3E810016BA1A /* lbaselib.c in Sources */ = {isa = PBXBuildFile; fileRef = 7B9A602B184D3E810016BA1A /* lbaselib.c */; };
		7B9A6067184D3E810016BA1A /* lbitlib.c in Sources */ = {isa = PBXBuildFile; fileRef = 7B9A602C184D3E810016BA1A /* lbitlib.c */; };
		7B9A6068184D3E810016BA1A /* lcode.c in Sources */ = {isa = PBXBuildFile; fileRef = 7B9A602D184D3E810016BA1A /* lcode.c */; };
		7B9A6069184D3E810016BA1A /* lcorolib.c in Sources */ = {isa = PBXBuildFile; fileRef = 7B9A602F184D3E810016BA1A /* lcorolib.c */; };
		7B9A606A184D3E810016BA1A /* lctype.c in Sources */ = {isa = PBXBuildFile; fileRef = 7B9A6030184D3E810016BA1A /* lctype.c */; };
		7B9A606B184D3E810016BA1A /* ldblib.c in Sources */ = {isa = PBXBuildFile; fileRef = 7B9A6032184D3E810016BA1A /* ldblib.c */; };
		7B9A606C184D3E810016BA1A /* ldebug.c in Sources */ = {isa = PBXBuildFile; fileRef = 7B9A6033184D3E810016BA1A /* ldebug.c */; };
		7B9A606D184D3E810016BA1A /* ldo.c in Sources */ = {isa = PBXBuildFile; fileRef = 7B9A6035184D3E810016BA1A /* ldo.c */; };
		7B9A606E184D3E810016BA1A /* ldump.c in Sources */ = {isa = PBXBuildFile; fileRef = 7B9A6037184D3E810016BA1A /* ldump.c */; };
		7B9A606F184D3E810016BA1A /* lfunc.c in Sources */ = {isa = PBXBuildFile; fileRef = 7B9A6038184D3E810016BA1A /* lfunc.c */; };
		7B9A6070184D3E810016BA1A /* lgc.c in Sources */ = {isa = PBXBuildFile; fileRef = 7B9A603A184D3E810016BA1A /* lgc.c */; };
		7B9A6071184D3E810016BA1A /* linit.c in Sources */ = {isa = PBXBuildFile; fileRef = 7B9A603C184D3E810016BA1A /* linit.c */; };
		7B9A6072184D3E810016BA1A /* liolib.c in Sources */ = {isa = PBXBuildFile; fileRef = 7B9A603D184D3E810016BA1A /* liolib.c */; };
		7B9A6073184D3E810016BA1A /* llex.c in Sources */ = {isa = PBXBuildFile; fileRef = 7B9A603E184D3E810016BA1A /* llex.c */; };
		7B9A6074184D3E810016BA1A /* lmathlib.c in Sources */ = {isa = PBXBuildFile; fileRef = 7B9A6041184D3E810016BA1A /* lmathlib.c */; };
		7B9A6075184D3E810016BA1A /* lmem.c in Sources */ = {isa = PBXBuildFile; fileRef = 7B9A6042184D3E810016BA1A /* lmem.c */; };
		7B9A6076184D3E810016BA1A /* loadlib.c in Sources */ = {isa = PBXBuildFile; fileRef = 7B9A6044184D3E810016BA1A /* loadlib.c */; };
		7B9A6077184D3E810016BA1A /* lobject.c in Sources */ = {isa = PBXBuildFile; fileRef = 7B9A6045184D3E810016BA1A /* lobject.c */; };
		7B9A6078184D3E810016BA1A /* lopcodes.c in Sources */ = {isa = PBXBuildFile; fileRef = 7B9A6047184D3E810016BA1A /* lopcodes.c */; };
		7B9A6079184D3E810016BA1A /* loslib.c in Sources */ = {isa = PBXBuildFile; fileRef = 7B9A6049184D3E810016BA1A /* loslib.c */; };
		7B9A607A184D3E810016BA1A /* lparser.c in Sources */ = {isa = PBXBuildFile; fileRef = 7B9A604A184D3E810016BA1A /* lparser.c */; };
		7B9A607B184D3E810016BA1A /* lstate.c in Sources */ = {isa = PBXBuildFile; fileRef = 7B9A604C184D3E810016BA1A /* lstate.c */; };
		7B9A607C184D3E810016BA1A /* lstring.c in Sources */ = {isa = PBXBuildFile; fileRef = 7B9A604E184D3E810016BA1A /* lstring.c */; };
		7B9A607D184D3E810016BA1A /* lstrlib.c in Sources */ = {isa = PBXBuildFile; fileRef = 7B9A6050184D3E810016BA1A /* lstrlib.c */; };
		7B9A607E184D3E810016BA1A /* ltable.c in Sources */ = {isa = PBXBuildFile; fileRef = 7B9A6051184D3E810016BA1A /* ltable.c */; };
		7B9A607F184D3E810016BA1A /* ltablib.c in Sources */ = {isa = PBXBuildFile; fileRef = 7B9A6053184D3E810016BA1A /* ltablib.c */; };
		7B9A6080184D3E810016BA1A /* ltm.c in Sources */ = {isa = PBXBuildFile; fileRef = 7B9A6054184D3E810016BA1A /* ltm.c */; };
		7B9A6083184D3E810016BA1A /* lundump.c in Sources */ = {isa = PBXBuildFile; fileRef = 7B9A605C184D3E810016BA1A /* lundump.c */; };
		7B9A6084184D3E810016BA1A /* lvm.c in Sources */ = {isa = PBXBuildFile; fileRef = 7B9A605E184D3E810016BA1A /* lvm.c */; };
		7B9A6085184D3E810016BA1A /* lzio.c in Sources */ = {isa = PBXBuildFile; fileRef = 7B9A6060184D3E810016BA1A /* lzio.c */; };
		7B9A6086184D3E810016BA1A /* Makefile in Sources */ = {isa = PBXBuildFile; fileRef = 7B9A6062184D3E810016BA1A /* Makefile */; };
		7B9A608B184DA61F0016BA1A /* intro.lua in Resources */ = {isa = PBXBuildFile; fileRef = 7B9A608A184DA61F0016BA1A /* intro.lua */; };
		7B9A608E184E49CC0016BA1A /* GameText.cpp in Sources */ = {isa = PBXBuildFile; fileRef = 7B9A608C184E49CC0016BA1A /* GameText.cpp */; };
		7B9A6090184E798A0016BA1A /* intro_textures.json in Resources */ = {isa = PBXBuildFile; fileRef = 7B9A608F184E798A0016BA1A /* intro_textures.json */; };
		7B9A6092184E79970016BA1A /* intro_sounds.json in Resources */ = {isa = PBXBuildFile; fileRef = 7B9A6091184E79970016BA1A /* intro_sounds.json */; };
		7B9A60D9185A35A10016BA1A /* SDL2_image.framework in CopyFiles */ = {isa = PBXBuildFile; fileRef = 7B342A5B1843E18600BA2C29 /* SDL2_image.framework */; };
		7B9A60DA185A35A10016BA1A /* SDL2_mixer.framework in CopyFiles */ = {isa = PBXBuildFile; fileRef = 7B342A5C1843E18600BA2C29 /* SDL2_mixer.framework */; };
		7B9A60DB185A35A10016BA1A /* SDL2_ttf.framework in CopyFiles */ = {isa = PBXBuildFile; fileRef = 7B342A5D1843E18600BA2C29 /* SDL2_ttf.framework */; };
		7B9A60DC185A35A10016BA1A /* SDL2.framework in CopyFiles */ = {isa = PBXBuildFile; fileRef = 7B342A5E1843E18600BA2C29 /* SDL2.framework */; };
		7B9A60E0185A78080016BA1A /* MainMenuState.cpp in Sources */ = {isa = PBXBuildFile; fileRef = 7B9A60DE185A78080016BA1A /* MainMenuState.cpp */; };
		7B9A60E4185ADB0D0016BA1A /* cursor-left.png in Resources */ = {isa = PBXBuildFile; fileRef = 7B9A60E2185ADB0D0016BA1A /* cursor-left.png */; };
		7B9A60E5185ADB0D0016BA1A /* cursor-right.png in Resources */ = {isa = PBXBuildFile; fileRef = 7B9A60E3185ADB0D0016BA1A /* cursor-right.png */; };
		7B9A60E7185ADBC70016BA1A /* main_menu_textures.json in Resources */ = {isa = PBXBuildFile; fileRef = 7B9A60E6185ADBC70016BA1A /* main_menu_textures.json */; };
		7B9A60E9185ADC0E0016BA1A /* main_menu_sounds.json in Resources */ = {isa = PBXBuildFile; fileRef = 7B9A60E8185ADC0E0016BA1A /* main_menu_sounds.json */; };
		7B9A60EB185ADC580016BA1A /* main_menu.lua in Resources */ = {isa = PBXBuildFile; fileRef = 7B9A60EA185ADC580016BA1A /* main_menu.lua */; };
		7B9A60EE185B557C0016BA1A /* GameImage.cpp in Sources */ = {isa = PBXBuildFile; fileRef = 7B9A60EC185B557C0016BA1A /* GameImage.cpp */; };
		7B9A60F1185B8B8E0016BA1A /* GameSong.cpp in Sources */ = {isa = PBXBuildFile; fileRef = 7B9A60EF185B8B8E0016BA1A /* GameSong.cpp */; };
		7B9A60F3185BA4F50016BA1A /* sdl_keys.lua in Resources */ = {isa = PBXBuildFile; fileRef = 7B9A60F2185BA4F50016BA1A /* sdl_keys.lua */; };
		7B9A60F5185BBB7C0016BA1A /* main_menu_songs.json in Resources */ = {isa = PBXBuildFile; fileRef = 7B9A60F4185BBB7C0016BA1A /* main_menu_songs.json */; };
		7B9A60F7185BBB920016BA1A /* intro_songs.json in Resources */ = {isa = PBXBuildFile; fileRef = 7B9A60F6185BBB920016BA1A /* intro_songs.json */; };
		7B9A60FA185EBD6F0016BA1A /* GameMapTile.cpp in Sources */ = {isa = PBXBuildFile; fileRef = 7B9A60F8185EBD6E0016BA1A /* GameMapTile.cpp */; };
		7B9A60FD185EBD850016BA1A /* GameMap.cpp in Sources */ = {isa = PBXBuildFile; fileRef = 7B9A60FB185EBD850016BA1A /* GameMap.cpp */; };
		7B9A6151186025030016BA1A /* MapState.cpp in Sources */ = {isa = PBXBuildFile; fileRef = 7B9A614F186025030016BA1A /* MapState.cpp */; };
		7B9A6153186029E70016BA1A /* map.lua in Resources */ = {isa = PBXBuildFile; fileRef = 7B9A6152186029E70016BA1A /* map.lua */; };
		7BB382521861453100391DC5 /* grass-1.png in Resources */ = {isa = PBXBuildFile; fileRef = 7BB382501861453100391DC5 /* grass-1.png */; };
		7BB382531861453100391DC5 /* water-1.png in Resources */ = {isa = PBXBuildFile; fileRef = 7BB382511861453100391DC5 /* water-1.png */; };
		7BB3825718634B5B00391DC5 /* world01.json in Resources */ = {isa = PBXBuildFile; fileRef = 7BB3825618634B5B00391DC5 /* world01.json */; };
		7BB3825A186353A900391DC5 /* GameMapLayer.cpp in Sources */ = {isa = PBXBuildFile; fileRef = 7BB38258186353A900391DC5 /* GameMapLayer.cpp */; };
		7BB3825C1864C80900391DC5 /* world01.tmx in Resources */ = {isa = PBXBuildFile; fileRef = 7BB3825B1864C80900391DC5 /* world01.tmx */; };
		7BB382A218709FFD00391DC5 /* not-walkable.png in Resources */ = {isa = PBXBuildFile; fileRef = 7BB382A018709FFD00391DC5 /* not-walkable.png */; };
		7BB382A318709FFD00391DC5 /* walkable.png in Resources */ = {isa = PBXBuildFile; fileRef = 7BB382A118709FFD00391DC5 /* walkable.png */; };
		7BB8B97C187CBF1D0078B7A1 /* battle-background-001.png in Resources */ = {isa = PBXBuildFile; fileRef = 7BB8B97B187CBF1D0078B7A1 /* battle-background-001.png */; };
		7BB8B97F187E48850078B7A1 /* BattleState.cpp in Sources */ = {isa = PBXBuildFile; fileRef = 7BB8B97D187E48850078B7A1 /* BattleState.cpp */; };
		7BB8B981187E58600078B7A1 /* battle.lua in Resources */ = {isa = PBXBuildFile; fileRef = 7BB8B980187E58600078B7A1 /* battle.lua */; };
		7BDB5BE7187F488D0039F9AA /* PauseMenuState.cpp in Sources */ = {isa = PBXBuildFile; fileRef = 7BDB5BE5187F488D0039F9AA /* PauseMenuState.cpp */; };
		7BE4738918454E57002EA054 /* fonts.json in Resources */ = {isa = PBXBuildFile; fileRef = 7BE4738818454E57002EA054 /* fonts.json */; };
		7BE474401845547C002EA054 /* internalJSONNode.cpp in Sources */ = {isa = PBXBuildFile; fileRef = 7BE473921845547C002EA054 /* internalJSONNode.cpp */; };
		7BE474411845547C002EA054 /* JSONAllocator.cpp in Sources */ = {isa = PBXBuildFile; fileRef = 7BE473951845547C002EA054 /* JSONAllocator.cpp */; };
		7BE474421845547C002EA054 /* JSONChildren.cpp in Sources */ = {isa = PBXBuildFile; fileRef = 7BE473971845547C002EA054 /* JSONChildren.cpp */; };
		7BE474431845547C002EA054 /* JSONDebug.cpp in Sources */ = {isa = PBXBuildFile; fileRef = 7BE473991845547C002EA054 /* JSONDebug.cpp */; };
		7BE474441845547C002EA054 /* JSONIterators.cpp in Sources */ = {isa = PBXBuildFile; fileRef = 7BE473A21845547C002EA054 /* JSONIterators.cpp */; };
		7BE474451845547C002EA054 /* JSONMemory.cpp in Sources */ = {isa = PBXBuildFile; fileRef = 7BE473A31845547C002EA054 /* JSONMemory.cpp */; };
		7BE474461845547C002EA054 /* JSONNode.cpp in Sources */ = {isa = PBXBuildFile; fileRef = 7BE473A61845547C002EA054 /* JSONNode.cpp */; };
		7BE474471845547C002EA054 /* JSONNode_Mutex.cpp in Sources */ = {isa = PBXBuildFile; fileRef = 7BE473A81845547C002EA054 /* JSONNode_Mutex.cpp */; };
		7BE474481845547C002EA054 /* JSONPreparse.cpp in Sources */ = {isa = PBXBuildFile; fileRef = 7BE473A91845547C002EA054 /* JSONPreparse.cpp */; };
		7BE474491845547C002EA054 /* JSONStream.cpp in Sources */ = {isa = PBXBuildFile; fileRef = 7BE473AE1845547C002EA054 /* JSONStream.cpp */; };
		7BE4744A1845547C002EA054 /* JSONValidator.cpp in Sources */ = {isa = PBXBuildFile; fileRef = 7BE473B01845547C002EA054 /* JSONValidator.cpp */; };
		7BE4744B1845547C002EA054 /* JSONWorker.cpp in Sources */ = {isa = PBXBuildFile; fileRef = 7BE473B21845547C002EA054 /* JSONWorker.cpp */; };
		7BE4744C1845547C002EA054 /* JSONWriter.cpp in Sources */ = {isa = PBXBuildFile; fileRef = 7BE473B41845547C002EA054 /* JSONWriter.cpp */; };
		7BE4744D1845547C002EA054 /* libjson.cpp in Sources */ = {isa = PBXBuildFile; fileRef = 7BE473B51845547C002EA054 /* libjson.cpp */; };
		7BE474A31845547C002EA054 /* License.txt in Resources */ = {isa = PBXBuildFile; fileRef = 7BE4743E1845547C002EA054 /* License.txt */; };
		7BE474A41845547C002EA054 /* makefile in Sources */ = {isa = PBXBuildFile; fileRef = 7BE4743F1845547C002EA054 /* makefile */; };
/* End PBXBuildFile section */

/* Begin PBXCopyFilesBuildPhase section */
		7B9A60D8185A35940016BA1A /* CopyFiles */ = {
			isa = PBXCopyFilesBuildPhase;
			buildActionMask = 2147483647;
			dstPath = "";
			dstSubfolderSpec = 10;
			files = (
				7B9A60D9185A35A10016BA1A /* SDL2_image.framework in CopyFiles */,
				7B9A60DA185A35A10016BA1A /* SDL2_mixer.framework in CopyFiles */,
				7B9A60DB185A35A10016BA1A /* SDL2_ttf.framework in CopyFiles */,
				7B9A60DC185A35A10016BA1A /* SDL2.framework in CopyFiles */,
			);
			runOnlyForDeploymentPostprocessing = 0;
		};
/* End PBXCopyFilesBuildPhase section */

/* Begin PBXFileReference section */
		730B279A1B182841002629F8 /* sqlite3.c */ = {isa = PBXFileReference; fileEncoding = 4; lastKnownFileType = sourcecode.c.c; path = sqlite3.c; sourceTree = "<group>"; };
		730B279B1B182841002629F8 /* sqlite3.h */ = {isa = PBXFileReference; fileEncoding = 4; lastKnownFileType = sourcecode.c.h; path = sqlite3.h; sourceTree = "<group>"; };
		730B279D1B18EBB3002629F8 /* GameInputMapper.cpp */ = {isa = PBXFileReference; fileEncoding = 4; lastKnownFileType = sourcecode.cpp.cpp; path = GameInputMapper.cpp; sourceTree = "<group>"; };
		730B279F1B19164F002629F8 /* keys.lua */ = {isa = PBXFileReference; fileEncoding = 4; lastKnownFileType = text; path = keys.lua; sourceTree = "<group>"; };
		730B27A81B1C12DB002629F8 /* GameSettings.cpp */ = {isa = PBXFileReference; fileEncoding = 4; lastKnownFileType = sourcecode.cpp.cpp; path = GameSettings.cpp; sourceTree = "<group>"; };
		730B27A91B1C12DB002629F8 /* GameSettings.h */ = {isa = PBXFileReference; fileEncoding = 4; lastKnownFileType = sourcecode.c.h; path = GameSettings.h; sourceTree = "<group>"; };
		730B27AD1B1C2CE1002629F8 /* FileSystemHelpers.h */ = {isa = PBXFileReference; fileEncoding = 4; lastKnownFileType = sourcecode.c.h; path = FileSystemHelpers.h; sourceTree = "<group>"; };
		730B27AF1B1C2DB3002629F8 /* AppleFileSystemHelpers.cpp */ = {isa = PBXFileReference; fileEncoding = 4; lastKnownFileType = sourcecode.cpp.cpp; path = AppleFileSystemHelpers.cpp; sourceTree = "<group>"; };
		730B27B01B1C2DB3002629F8 /* AppleFileSystemHelpers.h */ = {isa = PBXFileReference; fileEncoding = 4; lastKnownFileType = sourcecode.c.h; path = AppleFileSystemHelpers.h; sourceTree = "<group>"; };
		730B27B21B1CAA4D002629F8 /* StringHelpers.cpp */ = {isa = PBXFileReference; fileEncoding = 4; lastKnownFileType = sourcecode.cpp.cpp; path = StringHelpers.cpp; sourceTree = "<group>"; };
		730B27B31B1CAA4D002629F8 /* StringHelpers.h */ = {isa = PBXFileReference; fileEncoding = 4; lastKnownFileType = sourcecode.c.h; path = StringHelpers.h; sourceTree = "<group>"; };
		730B27B51B1E35DA002629F8 /* SettingsMenuState.cpp */ = {isa = PBXFileReference; fileEncoding = 4; lastKnownFileType = sourcecode.cpp.cpp; path = SettingsMenuState.cpp; sourceTree = "<group>"; };
		730B27B61B1E35DA002629F8 /* SettingsMenuState.h */ = {isa = PBXFileReference; fileEncoding = 4; lastKnownFileType = sourcecode.c.h; path = SettingsMenuState.h; sourceTree = "<group>"; };
		730B27B81B1E35EA002629F8 /* settings_menu.lua */ = {isa = PBXFileReference; fileEncoding = 4; lastKnownFileType = text; path = settings_menu.lua; sourceTree = "<group>"; };
		730B27BA1B1E3B2F002629F8 /* settings_menu_sounds.json */ = {isa = PBXFileReference; fileEncoding = 4; lastKnownFileType = text.json; path = settings_menu_sounds.json; sourceTree = "<group>"; };
		730B27BB1B1E3B2F002629F8 /* settings_menu_textures.json */ = {isa = PBXFileReference; fileEncoding = 4; lastKnownFileType = text.json; path = settings_menu_textures.json; sourceTree = "<group>"; };
		73568D461B263D6600181CB2 /* battle_sounds.json */ = {isa = PBXFileReference; fileEncoding = 4; lastKnownFileType = text.json; path = battle_sounds.json; sourceTree = "<group>"; };
		73568D471B263D6600181CB2 /* battle_textures.json */ = {isa = PBXFileReference; fileEncoding = 4; lastKnownFileType = text.json; path = battle_textures.json; sourceTree = "<group>"; };
		73568D4B1B26A79E00181CB2 /* PixChicago.ttf */ = {isa = PBXFileReference; lastKnownFileType = file; path = PixChicago.ttf; sourceTree = "<group>"; };
		7377F2CD1B2142E700D43B66 /* GameParty.cpp */ = {isa = PBXFileReference; fileEncoding = 4; lastKnownFileType = sourcecode.cpp.cpp; path = GameParty.cpp; sourceTree = "<group>"; };
		7377F2CE1B2142E700D43B66 /* GameParty.h */ = {isa = PBXFileReference; fileEncoding = 4; lastKnownFileType = sourcecode.c.h; path = GameParty.h; sourceTree = "<group>"; };
		7377F2D01B21430D00D43B66 /* GameCharacter.cpp */ = {isa = PBXFileReference; fileEncoding = 4; lastKnownFileType = sourcecode.cpp.cpp; path = GameCharacter.cpp; sourceTree = "<group>"; };
		7377F2D11B21430D00D43B66 /* GameCharacter.h */ = {isa = PBXFileReference; fileEncoding = 4; lastKnownFileType = sourcecode.c.h; path = GameCharacter.h; sourceTree = "<group>"; };
		7377F2D31B21433500D43B66 /* GameMonster.cpp */ = {isa = PBXFileReference; fileEncoding = 4; lastKnownFileType = sourcecode.cpp.cpp; path = GameMonster.cpp; sourceTree = "<group>"; };
		7377F2D41B21433500D43B66 /* GameMonster.h */ = {isa = PBXFileReference; fileEncoding = 4; lastKnownFileType = sourcecode.c.h; path = GameMonster.h; sourceTree = "<group>"; };
		7384E41F1B22123700D956F0 /* slime.json */ = {isa = PBXFileReference; fileEncoding = 4; lastKnownFileType = text.json; name = slime.json; path = monsters/slime.json; sourceTree = "<group>"; };
		7384E4221B22529B00D956F0 /* slime.png */ = {isa = PBXFileReference; lastKnownFileType = image.png; name = slime.png; path = images/monsters/slime.png; sourceTree = "<group>"; };
		7384E4241B22D23600D956F0 /* character01.json */ = {isa = PBXFileReference; fileEncoding = 4; lastKnownFileType = text.json; name = character01.json; path = characters/character01.json; sourceTree = "<group>"; };
		7384E4251B22D23600D956F0 /* character02.json */ = {isa = PBXFileReference; fileEncoding = 4; lastKnownFileType = text.json; name = character02.json; path = characters/character02.json; sourceTree = "<group>"; };
		7384E4291B22E29700D956F0 /* casie.png */ = {isa = PBXFileReference; lastKnownFileType = image.png; name = casie.png; path = characters/casie.png; sourceTree = "<group>"; };
		7384E42A1B22E29700D956F0 /* sean.png */ = {isa = PBXFileReference; lastKnownFileType = image.png; name = sean.png; path = characters/sean.png; sourceTree = "<group>"; };
		7B342A07183F09E000BA2C29 /* SDL03.app */ = {isa = PBXFileReference; explicitFileType = wrapper.application; includeInIndex = 0; path = SDL03.app; sourceTree = BUILT_PRODUCTS_DIR; };
		7B342A0A183F09E000BA2C29 /* Cocoa.framework */ = {isa = PBXFileReference; lastKnownFileType = wrapper.framework; name = Cocoa.framework; path = System/Library/Frameworks/Cocoa.framework; sourceTree = SDKROOT; };
		7B342A0D183F09E000BA2C29 /* AppKit.framework */ = {isa = PBXFileReference; lastKnownFileType = wrapper.framework; name = AppKit.framework; path = System/Library/Frameworks/AppKit.framework; sourceTree = SDKROOT; };
		7B342A0E183F09E000BA2C29 /* CoreData.framework */ = {isa = PBXFileReference; lastKnownFileType = wrapper.framework; name = CoreData.framework; path = System/Library/Frameworks/CoreData.framework; sourceTree = SDKROOT; };
		7B342A0F183F09E000BA2C29 /* Foundation.framework */ = {isa = PBXFileReference; lastKnownFileType = wrapper.framework; name = Foundation.framework; path = System/Library/Frameworks/Foundation.framework; sourceTree = SDKROOT; };
		7B342A12183F09E000BA2C29 /* SDL03-Info.plist */ = {isa = PBXFileReference; lastKnownFileType = text.plist.xml; path = "SDL03-Info.plist"; sourceTree = "<group>"; };
		7B342A14183F09E000BA2C29 /* en */ = {isa = PBXFileReference; lastKnownFileType = text.plist.strings; name = en; path = en.lproj/InfoPlist.strings; sourceTree = "<group>"; };
		7B342A18183F09E000BA2C29 /* SDL03-Prefix.pch */ = {isa = PBXFileReference; lastKnownFileType = sourcecode.c.h; path = "SDL03-Prefix.pch"; sourceTree = "<group>"; };
		7B342A29183F09E000BA2C29 /* XCTest.framework */ = {isa = PBXFileReference; lastKnownFileType = wrapper.framework; name = XCTest.framework; path = Library/Frameworks/XCTest.framework; sourceTree = DEVELOPER_DIR; };
		7B342A41183F0CF500BA2C29 /* OpenGL.framework */ = {isa = PBXFileReference; lastKnownFileType = wrapper.framework; name = OpenGL.framework; path = System/Library/Frameworks/OpenGL.framework; sourceTree = SDKROOT; };
		7B342A49183F0EE000BA2C29 /* main.cpp */ = {isa = PBXFileReference; fileEncoding = 4; lastKnownFileType = sourcecode.cpp.cpp; path = main.cpp; sourceTree = "<group>"; };
		7B342A4A183F0EE000BA2C29 /* main.h */ = {isa = PBXFileReference; fileEncoding = 4; lastKnownFileType = sourcecode.c.h; path = main.h; sourceTree = "<group>"; };
		7B342A4C183F15A900BA2C29 /* GameEngine.cpp */ = {isa = PBXFileReference; fileEncoding = 4; lastKnownFileType = sourcecode.cpp.cpp; path = GameEngine.cpp; sourceTree = "<group>"; };
		7B342A4D183F15A900BA2C29 /* GameEngine.h */ = {isa = PBXFileReference; fileEncoding = 4; lastKnownFileType = sourcecode.c.h; path = GameEngine.h; sourceTree = "<group>"; };
		7B342A51183F2D6900BA2C29 /* GameObject.cpp */ = {isa = PBXFileReference; fileEncoding = 4; lastKnownFileType = sourcecode.cpp.cpp; path = GameObject.cpp; sourceTree = "<group>"; };
		7B342A52183F2D6900BA2C29 /* GameObject.h */ = {isa = PBXFileReference; fileEncoding = 4; lastKnownFileType = sourcecode.c.h; path = GameObject.h; sourceTree = "<group>"; };
		7B342A54184321DB00BA2C29 /* GameState.cpp */ = {isa = PBXFileReference; fileEncoding = 4; lastKnownFileType = sourcecode.cpp.cpp; path = GameState.cpp; sourceTree = "<group>"; };
		7B342A55184321DB00BA2C29 /* GameState.h */ = {isa = PBXFileReference; fileEncoding = 4; lastKnownFileType = sourcecode.c.h; path = GameState.h; sourceTree = "<group>"; };
		7B342A5818439C0D00BA2C29 /* IntroState.cpp */ = {isa = PBXFileReference; fileEncoding = 4; lastKnownFileType = sourcecode.cpp.cpp; path = IntroState.cpp; sourceTree = "<group>"; };
		7B342A5918439C0D00BA2C29 /* IntroState.h */ = {isa = PBXFileReference; fileEncoding = 4; lastKnownFileType = sourcecode.c.h; path = IntroState.h; sourceTree = "<group>"; };
		7B342A5B1843E18600BA2C29 /* SDL2_image.framework */ = {isa = PBXFileReference; lastKnownFileType = wrapper.framework; name = SDL2_image.framework; path = ../../../../../Library/Frameworks/SDL2_image.framework; sourceTree = "<group>"; };
		7B342A5C1843E18600BA2C29 /* SDL2_mixer.framework */ = {isa = PBXFileReference; lastKnownFileType = wrapper.framework; name = SDL2_mixer.framework; path = ../../../../../Library/Frameworks/SDL2_mixer.framework; sourceTree = "<group>"; };
		7B342A5D1843E18600BA2C29 /* SDL2_ttf.framework */ = {isa = PBXFileReference; lastKnownFileType = wrapper.framework; name = SDL2_ttf.framework; path = ../../../../../Library/Frameworks/SDL2_ttf.framework; sourceTree = "<group>"; };
		7B342A5E1843E18600BA2C29 /* SDL2.framework */ = {isa = PBXFileReference; lastKnownFileType = wrapper.framework; name = SDL2.framework; path = ../../../../../Library/Frameworks/SDL2.framework; sourceTree = "<group>"; };
		7B342A631843E53400BA2C29 /* README.md */ = {isa = PBXFileReference; lastKnownFileType = text; path = README.md; sourceTree = "<group>"; };
		7B342A64184430B300BA2C29 /* GameResource.cpp */ = {isa = PBXFileReference; fileEncoding = 4; lastKnownFileType = sourcecode.cpp.cpp; path = GameResource.cpp; sourceTree = "<group>"; };
		7B342A65184430B300BA2C29 /* GameResource.h */ = {isa = PBXFileReference; fileEncoding = 4; lastKnownFileType = sourcecode.c.h; path = GameResource.h; sourceTree = "<group>"; };
		7B342A6818443A9100BA2C29 /* GameFont.cpp */ = {isa = PBXFileReference; fileEncoding = 4; lastKnownFileType = sourcecode.cpp.cpp; path = GameFont.cpp; sourceTree = "<group>"; };
		7B342A6918443A9100BA2C29 /* GameFont.h */ = {isa = PBXFileReference; fileEncoding = 4; lastKnownFileType = sourcecode.c.h; path = GameFont.h; sourceTree = "<group>"; };
		7B342A6B18443AA200BA2C29 /* GameTexture.cpp */ = {isa = PBXFileReference; fileEncoding = 4; lastKnownFileType = sourcecode.cpp.cpp; path = GameTexture.cpp; sourceTree = "<group>"; };
		7B342A6C18443AA200BA2C29 /* GameTexture.h */ = {isa = PBXFileReference; fileEncoding = 4; lastKnownFileType = sourcecode.c.h; path = GameTexture.h; sourceTree = "<group>"; };
		7B342A6E18443AAE00BA2C29 /* GameSound.cpp */ = {isa = PBXFileReference; fileEncoding = 4; lastKnownFileType = sourcecode.cpp.cpp; path = GameSound.cpp; sourceTree = "<group>"; };
		7B342A6F18443AAE00BA2C29 /* GameSound.h */ = {isa = PBXFileReference; fileEncoding = 4; lastKnownFileType = sourcecode.c.h; path = GameSound.h; sourceTree = "<group>"; };
		7B342A7A1844686600BA2C29 /* Apache License.txt */ = {isa = PBXFileReference; fileEncoding = 4; lastKnownFileType = text; path = "Apache License.txt"; sourceTree = "<group>"; };
		7B342A7B1844686600BA2C29 /* DroidSans-Bold.ttf */ = {isa = PBXFileReference; lastKnownFileType = file; path = "DroidSans-Bold.ttf"; sourceTree = "<group>"; };
		7B342A7C1844686600BA2C29 /* DroidSans.ttf */ = {isa = PBXFileReference; lastKnownFileType = file; path = DroidSans.ttf; sourceTree = "<group>"; };
		7B53C1591870F1B500756488 /* dot.png */ = {isa = PBXFileReference; lastKnownFileType = image.png; path = dot.png; sourceTree = "<group>"; };
		7B53C15D187666B400756488 /* brick-1.png */ = {isa = PBXFileReference; lastKnownFileType = image.png; path = "brick-1.png"; sourceTree = "<group>"; };
		7B53C15F187666C600756488 /* town01.tmx */ = {isa = PBXFileReference; fileEncoding = 4; lastKnownFileType = text.xml; path = town01.tmx; sourceTree = "<group>"; };
		7B53C161187666E100756488 /* town01.json */ = {isa = PBXFileReference; fileEncoding = 4; lastKnownFileType = text.json; path = town01.json; sourceTree = "<group>"; };
		7B53C163187A440700756488 /* town.png */ = {isa = PBXFileReference; lastKnownFileType = image.png; path = town.png; sourceTree = "<group>"; };
		7B53C168187A4BA700756488 /* GameMapObject.cpp */ = {isa = PBXFileReference; fileEncoding = 4; lastKnownFileType = sourcecode.cpp.cpp; path = GameMapObject.cpp; sourceTree = "<group>"; };
		7B53C169187A4BA700756488 /* GameMapObject.h */ = {isa = PBXFileReference; fileEncoding = 4; lastKnownFileType = sourcecode.c.h; path = GameMapObject.h; sourceTree = "<group>"; };
		7B890820187F4F7300C1E072 /* GameInputMapper.h */ = {isa = PBXFileReference; fileEncoding = 4; lastKnownFileType = sourcecode.c.h; path = GameInputMapper.h; sourceTree = "<group>"; };
		7B9A6025184D3E810016BA1A /* README */ = {isa = PBXFileReference; fileEncoding = 4; lastKnownFileType = text; path = README; sourceTree = "<group>"; };
		7B9A6027184D3E810016BA1A /* lapi.c */ = {isa = PBXFileReference; fileEncoding = 4; lastKnownFileType = sourcecode.c.c; path = lapi.c; sourceTree = "<group>"; };
		7B9A6028184D3E810016BA1A /* lapi.h */ = {isa = PBXFileReference; fileEncoding = 4; lastKnownFileType = sourcecode.c.h; path = lapi.h; sourceTree = "<group>"; };
		7B9A6029184D3E810016BA1A /* lauxlib.c */ = {isa = PBXFileReference; fileEncoding = 4; lastKnownFileType = sourcecode.c.c; path = lauxlib.c; sourceTree = "<group>"; };
		7B9A602A184D3E810016BA1A /* lauxlib.h */ = {isa = PBXFileReference; fileEncoding = 4; lastKnownFileType = sourcecode.c.h; path = lauxlib.h; sourceTree = "<group>"; };
		7B9A602B184D3E810016BA1A /* lbaselib.c */ = {isa = PBXFileReference; fileEncoding = 4; lastKnownFileType = sourcecode.c.c; path = lbaselib.c; sourceTree = "<group>"; };
		7B9A602C184D3E810016BA1A /* lbitlib.c */ = {isa = PBXFileReference; fileEncoding = 4; lastKnownFileType = sourcecode.c.c; path = lbitlib.c; sourceTree = "<group>"; };
		7B9A602D184D3E810016BA1A /* lcode.c */ = {isa = PBXFileReference; fileEncoding = 4; lastKnownFileType = sourcecode.c.c; path = lcode.c; sourceTree = "<group>"; };
		7B9A602E184D3E810016BA1A /* lcode.h */ = {isa = PBXFileReference; fileEncoding = 4; lastKnownFileType = sourcecode.c.h; path = lcode.h; sourceTree = "<group>"; };
		7B9A602F184D3E810016BA1A /* lcorolib.c */ = {isa = PBXFileReference; fileEncoding = 4; lastKnownFileType = sourcecode.c.c; path = lcorolib.c; sourceTree = "<group>"; };
		7B9A6030184D3E810016BA1A /* lctype.c */ = {isa = PBXFileReference; fileEncoding = 4; lastKnownFileType = sourcecode.c.c; path = lctype.c; sourceTree = "<group>"; };
		7B9A6031184D3E810016BA1A /* lctype.h */ = {isa = PBXFileReference; fileEncoding = 4; lastKnownFileType = sourcecode.c.h; path = lctype.h; sourceTree = "<group>"; };
		7B9A6032184D3E810016BA1A /* ldblib.c */ = {isa = PBXFileReference; fileEncoding = 4; lastKnownFileType = sourcecode.c.c; path = ldblib.c; sourceTree = "<group>"; };
		7B9A6033184D3E810016BA1A /* ldebug.c */ = {isa = PBXFileReference; fileEncoding = 4; lastKnownFileType = sourcecode.c.c; path = ldebug.c; sourceTree = "<group>"; };
		7B9A6034184D3E810016BA1A /* ldebug.h */ = {isa = PBXFileReference; fileEncoding = 4; lastKnownFileType = sourcecode.c.h; path = ldebug.h; sourceTree = "<group>"; };
		7B9A6035184D3E810016BA1A /* ldo.c */ = {isa = PBXFileReference; fileEncoding = 4; lastKnownFileType = sourcecode.c.c; path = ldo.c; sourceTree = "<group>"; };
		7B9A6036184D3E810016BA1A /* ldo.h */ = {isa = PBXFileReference; fileEncoding = 4; lastKnownFileType = sourcecode.c.h; path = ldo.h; sourceTree = "<group>"; };
		7B9A6037184D3E810016BA1A /* ldump.c */ = {isa = PBXFileReference; fileEncoding = 4; lastKnownFileType = sourcecode.c.c; path = ldump.c; sourceTree = "<group>"; };
		7B9A6038184D3E810016BA1A /* lfunc.c */ = {isa = PBXFileReference; fileEncoding = 4; lastKnownFileType = sourcecode.c.c; path = lfunc.c; sourceTree = "<group>"; };
		7B9A6039184D3E810016BA1A /* lfunc.h */ = {isa = PBXFileReference; fileEncoding = 4; lastKnownFileType = sourcecode.c.h; path = lfunc.h; sourceTree = "<group>"; };
		7B9A603A184D3E810016BA1A /* lgc.c */ = {isa = PBXFileReference; fileEncoding = 4; lastKnownFileType = sourcecode.c.c; path = lgc.c; sourceTree = "<group>"; };
		7B9A603B184D3E810016BA1A /* lgc.h */ = {isa = PBXFileReference; fileEncoding = 4; lastKnownFileType = sourcecode.c.h; path = lgc.h; sourceTree = "<group>"; };
		7B9A603C184D3E810016BA1A /* linit.c */ = {isa = PBXFileReference; fileEncoding = 4; lastKnownFileType = sourcecode.c.c; path = linit.c; sourceTree = "<group>"; };
		7B9A603D184D3E810016BA1A /* liolib.c */ = {isa = PBXFileReference; fileEncoding = 4; lastKnownFileType = sourcecode.c.c; path = liolib.c; sourceTree = "<group>"; };
		7B9A603E184D3E810016BA1A /* llex.c */ = {isa = PBXFileReference; fileEncoding = 4; lastKnownFileType = sourcecode.c.c; path = llex.c; sourceTree = "<group>"; };
		7B9A603F184D3E810016BA1A /* llex.h */ = {isa = PBXFileReference; fileEncoding = 4; lastKnownFileType = sourcecode.c.h; path = llex.h; sourceTree = "<group>"; };
		7B9A6040184D3E810016BA1A /* llimits.h */ = {isa = PBXFileReference; fileEncoding = 4; lastKnownFileType = sourcecode.c.h; path = llimits.h; sourceTree = "<group>"; };
		7B9A6041184D3E810016BA1A /* lmathlib.c */ = {isa = PBXFileReference; fileEncoding = 4; lastKnownFileType = sourcecode.c.c; path = lmathlib.c; sourceTree = "<group>"; };
		7B9A6042184D3E810016BA1A /* lmem.c */ = {isa = PBXFileReference; fileEncoding = 4; lastKnownFileType = sourcecode.c.c; path = lmem.c; sourceTree = "<group>"; };
		7B9A6043184D3E810016BA1A /* lmem.h */ = {isa = PBXFileReference; fileEncoding = 4; lastKnownFileType = sourcecode.c.h; path = lmem.h; sourceTree = "<group>"; };
		7B9A6044184D3E810016BA1A /* loadlib.c */ = {isa = PBXFileReference; fileEncoding = 4; lastKnownFileType = sourcecode.c.c; path = loadlib.c; sourceTree = "<group>"; };
		7B9A6045184D3E810016BA1A /* lobject.c */ = {isa = PBXFileReference; fileEncoding = 4; lastKnownFileType = sourcecode.c.c; path = lobject.c; sourceTree = "<group>"; };
		7B9A6046184D3E810016BA1A /* lobject.h */ = {isa = PBXFileReference; fileEncoding = 4; lastKnownFileType = sourcecode.c.h; path = lobject.h; sourceTree = "<group>"; };
		7B9A6047184D3E810016BA1A /* lopcodes.c */ = {isa = PBXFileReference; fileEncoding = 4; lastKnownFileType = sourcecode.c.c; path = lopcodes.c; sourceTree = "<group>"; };
		7B9A6048184D3E810016BA1A /* lopcodes.h */ = {isa = PBXFileReference; fileEncoding = 4; lastKnownFileType = sourcecode.c.h; path = lopcodes.h; sourceTree = "<group>"; };
		7B9A6049184D3E810016BA1A /* loslib.c */ = {isa = PBXFileReference; fileEncoding = 4; lastKnownFileType = sourcecode.c.c; path = loslib.c; sourceTree = "<group>"; };
		7B9A604A184D3E810016BA1A /* lparser.c */ = {isa = PBXFileReference; fileEncoding = 4; lastKnownFileType = sourcecode.c.c; path = lparser.c; sourceTree = "<group>"; };
		7B9A604B184D3E810016BA1A /* lparser.h */ = {isa = PBXFileReference; fileEncoding = 4; lastKnownFileType = sourcecode.c.h; path = lparser.h; sourceTree = "<group>"; };
		7B9A604C184D3E810016BA1A /* lstate.c */ = {isa = PBXFileReference; fileEncoding = 4; lastKnownFileType = sourcecode.c.c; path = lstate.c; sourceTree = "<group>"; };
		7B9A604D184D3E810016BA1A /* lstate.h */ = {isa = PBXFileReference; fileEncoding = 4; lastKnownFileType = sourcecode.c.h; path = lstate.h; sourceTree = "<group>"; };
		7B9A604E184D3E810016BA1A /* lstring.c */ = {isa = PBXFileReference; fileEncoding = 4; lastKnownFileType = sourcecode.c.c; path = lstring.c; sourceTree = "<group>"; };
		7B9A604F184D3E810016BA1A /* lstring.h */ = {isa = PBXFileReference; fileEncoding = 4; lastKnownFileType = sourcecode.c.h; path = lstring.h; sourceTree = "<group>"; };
		7B9A6050184D3E810016BA1A /* lstrlib.c */ = {isa = PBXFileReference; fileEncoding = 4; lastKnownFileType = sourcecode.c.c; path = lstrlib.c; sourceTree = "<group>"; };
		7B9A6051184D3E810016BA1A /* ltable.c */ = {isa = PBXFileReference; fileEncoding = 4; lastKnownFileType = sourcecode.c.c; path = ltable.c; sourceTree = "<group>"; };
		7B9A6052184D3E810016BA1A /* ltable.h */ = {isa = PBXFileReference; fileEncoding = 4; lastKnownFileType = sourcecode.c.h; path = ltable.h; sourceTree = "<group>"; };
		7B9A6053184D3E810016BA1A /* ltablib.c */ = {isa = PBXFileReference; fileEncoding = 4; lastKnownFileType = sourcecode.c.c; path = ltablib.c; sourceTree = "<group>"; };
		7B9A6054184D3E810016BA1A /* ltm.c */ = {isa = PBXFileReference; fileEncoding = 4; lastKnownFileType = sourcecode.c.c; path = ltm.c; sourceTree = "<group>"; };
		7B9A6055184D3E810016BA1A /* ltm.h */ = {isa = PBXFileReference; fileEncoding = 4; lastKnownFileType = sourcecode.c.h; path = ltm.h; sourceTree = "<group>"; };
		7B9A6057184D3E810016BA1A /* lua.h */ = {isa = PBXFileReference; fileEncoding = 4; lastKnownFileType = sourcecode.c.h; path = lua.h; sourceTree = "<group>"; };
		7B9A6058184D3E810016BA1A /* lua.hpp */ = {isa = PBXFileReference; fileEncoding = 4; lastKnownFileType = sourcecode.cpp.h; path = lua.hpp; sourceTree = "<group>"; };
		7B9A605A184D3E810016BA1A /* luaconf.h */ = {isa = PBXFileReference; fileEncoding = 4; lastKnownFileType = sourcecode.c.h; path = luaconf.h; sourceTree = "<group>"; };
		7B9A605B184D3E810016BA1A /* lualib.h */ = {isa = PBXFileReference; fileEncoding = 4; lastKnownFileType = sourcecode.c.h; path = lualib.h; sourceTree = "<group>"; };
		7B9A605C184D3E810016BA1A /* lundump.c */ = {isa = PBXFileReference; fileEncoding = 4; lastKnownFileType = sourcecode.c.c; path = lundump.c; sourceTree = "<group>"; };
		7B9A605D184D3E810016BA1A /* lundump.h */ = {isa = PBXFileReference; fileEncoding = 4; lastKnownFileType = sourcecode.c.h; path = lundump.h; sourceTree = "<group>"; };
		7B9A605E184D3E810016BA1A /* lvm.c */ = {isa = PBXFileReference; fileEncoding = 4; lastKnownFileType = sourcecode.c.c; path = lvm.c; sourceTree = "<group>"; };
		7B9A605F184D3E810016BA1A /* lvm.h */ = {isa = PBXFileReference; fileEncoding = 4; lastKnownFileType = sourcecode.c.h; path = lvm.h; sourceTree = "<group>"; };
		7B9A6060184D3E810016BA1A /* lzio.c */ = {isa = PBXFileReference; fileEncoding = 4; lastKnownFileType = sourcecode.c.c; path = lzio.c; sourceTree = "<group>"; };
		7B9A6061184D3E810016BA1A /* lzio.h */ = {isa = PBXFileReference; fileEncoding = 4; lastKnownFileType = sourcecode.c.h; path = lzio.h; sourceTree = "<group>"; };
		7B9A6062184D3E810016BA1A /* Makefile */ = {isa = PBXFileReference; fileEncoding = 4; lastKnownFileType = sourcecode.make; path = Makefile; sourceTree = "<group>"; };
		7B9A608A184DA61F0016BA1A /* intro.lua */ = {isa = PBXFileReference; fileEncoding = 4; lastKnownFileType = text; path = intro.lua; sourceTree = "<group>"; };
		7B9A608C184E49CC0016BA1A /* GameText.cpp */ = {isa = PBXFileReference; fileEncoding = 4; lastKnownFileType = sourcecode.cpp.cpp; path = GameText.cpp; sourceTree = "<group>"; };
		7B9A608D184E49CC0016BA1A /* GameText.h */ = {isa = PBXFileReference; fileEncoding = 4; lastKnownFileType = sourcecode.c.h; path = GameText.h; sourceTree = "<group>"; };
		7B9A608F184E798A0016BA1A /* intro_textures.json */ = {isa = PBXFileReference; fileEncoding = 4; lastKnownFileType = text.json; path = intro_textures.json; sourceTree = "<group>"; };
		7B9A6091184E79970016BA1A /* intro_sounds.json */ = {isa = PBXFileReference; fileEncoding = 4; lastKnownFileType = text.json; path = intro_sounds.json; sourceTree = "<group>"; };
		7B9A60D41850CF990016BA1A /* lunar.h */ = {isa = PBXFileReference; lastKnownFileType = sourcecode.c.h; path = lunar.h; sourceTree = "<group>"; };
		7B9A60DE185A78080016BA1A /* MainMenuState.cpp */ = {isa = PBXFileReference; fileEncoding = 4; lastKnownFileType = sourcecode.cpp.cpp; path = MainMenuState.cpp; sourceTree = "<group>"; };
		7B9A60DF185A78080016BA1A /* MainMenuState.h */ = {isa = PBXFileReference; fileEncoding = 4; lastKnownFileType = sourcecode.c.h; path = MainMenuState.h; sourceTree = "<group>"; };
		7B9A60E2185ADB0D0016BA1A /* cursor-left.png */ = {isa = PBXFileReference; lastKnownFileType = image.png; path = "cursor-left.png"; sourceTree = "<group>"; };
		7B9A60E3185ADB0D0016BA1A /* cursor-right.png */ = {isa = PBXFileReference; lastKnownFileType = image.png; path = "cursor-right.png"; sourceTree = "<group>"; };
		7B9A60E6185ADBC70016BA1A /* main_menu_textures.json */ = {isa = PBXFileReference; fileEncoding = 4; lastKnownFileType = text.json; path = main_menu_textures.json; sourceTree = "<group>"; };
		7B9A60E8185ADC0E0016BA1A /* main_menu_sounds.json */ = {isa = PBXFileReference; fileEncoding = 4; lastKnownFileType = text.json; path = main_menu_sounds.json; sourceTree = "<group>"; };
		7B9A60EA185ADC580016BA1A /* main_menu.lua */ = {isa = PBXFileReference; fileEncoding = 4; lastKnownFileType = text; path = main_menu.lua; sourceTree = "<group>"; };
		7B9A60EC185B557C0016BA1A /* GameImage.cpp */ = {isa = PBXFileReference; fileEncoding = 4; lastKnownFileType = sourcecode.cpp.cpp; path = GameImage.cpp; sourceTree = "<group>"; };
		7B9A60ED185B557C0016BA1A /* GameImage.h */ = {isa = PBXFileReference; fileEncoding = 4; lastKnownFileType = sourcecode.c.h; path = GameImage.h; sourceTree = "<group>"; };
		7B9A60EF185B8B8E0016BA1A /* GameSong.cpp */ = {isa = PBXFileReference; fileEncoding = 4; lastKnownFileType = sourcecode.cpp.cpp; path = GameSong.cpp; sourceTree = "<group>"; };
		7B9A60F0185B8B8E0016BA1A /* GameSong.h */ = {isa = PBXFileReference; fileEncoding = 4; lastKnownFileType = sourcecode.c.h; path = GameSong.h; sourceTree = "<group>"; };
		7B9A60F2185BA4F50016BA1A /* sdl_keys.lua */ = {isa = PBXFileReference; fileEncoding = 4; lastKnownFileType = text; path = sdl_keys.lua; sourceTree = "<group>"; };
		7B9A60F4185BBB7C0016BA1A /* main_menu_songs.json */ = {isa = PBXFileReference; fileEncoding = 4; lastKnownFileType = text.json; path = main_menu_songs.json; sourceTree = "<group>"; };
		7B9A60F6185BBB920016BA1A /* intro_songs.json */ = {isa = PBXFileReference; fileEncoding = 4; lastKnownFileType = text.json; path = intro_songs.json; sourceTree = "<group>"; };
		7B9A60F8185EBD6E0016BA1A /* GameMapTile.cpp */ = {isa = PBXFileReference; fileEncoding = 4; lastKnownFileType = sourcecode.cpp.cpp; path = GameMapTile.cpp; sourceTree = "<group>"; };
		7B9A60F9185EBD6E0016BA1A /* GameMapTile.h */ = {isa = PBXFileReference; fileEncoding = 4; lastKnownFileType = sourcecode.c.h; path = GameMapTile.h; sourceTree = "<group>"; };
		7B9A60FB185EBD850016BA1A /* GameMap.cpp */ = {isa = PBXFileReference; fileEncoding = 4; lastKnownFileType = sourcecode.cpp.cpp; path = GameMap.cpp; sourceTree = "<group>"; };
		7B9A60FC185EBD850016BA1A /* GameMap.h */ = {isa = PBXFileReference; fileEncoding = 4; lastKnownFileType = sourcecode.c.h; path = GameMap.h; sourceTree = "<group>"; };
		7B9A614F186025030016BA1A /* MapState.cpp */ = {isa = PBXFileReference; fileEncoding = 4; lastKnownFileType = sourcecode.cpp.cpp; path = MapState.cpp; sourceTree = "<group>"; };
		7B9A6150186025030016BA1A /* MapState.h */ = {isa = PBXFileReference; fileEncoding = 4; lastKnownFileType = sourcecode.c.h; path = MapState.h; sourceTree = "<group>"; };
		7B9A6152186029E70016BA1A /* map.lua */ = {isa = PBXFileReference; fileEncoding = 4; lastKnownFileType = text; path = map.lua; sourceTree = "<group>"; xcLanguageSpecificationIdentifier = xcode.lang.lua; };
		7BB382501861453100391DC5 /* grass-1.png */ = {isa = PBXFileReference; lastKnownFileType = image.png; path = "grass-1.png"; sourceTree = "<group>"; };
		7BB382511861453100391DC5 /* water-1.png */ = {isa = PBXFileReference; lastKnownFileType = image.png; path = "water-1.png"; sourceTree = "<group>"; };
		7BB3825618634B5B00391DC5 /* world01.json */ = {isa = PBXFileReference; fileEncoding = 4; lastKnownFileType = text.json; path = world01.json; sourceTree = "<group>"; };
		7BB38258186353A900391DC5 /* GameMapLayer.cpp */ = {isa = PBXFileReference; fileEncoding = 4; lastKnownFileType = sourcecode.cpp.cpp; path = GameMapLayer.cpp; sourceTree = "<group>"; };
		7BB38259186353A900391DC5 /* GameMapLayer.h */ = {isa = PBXFileReference; fileEncoding = 4; lastKnownFileType = sourcecode.c.h; path = GameMapLayer.h; sourceTree = "<group>"; };
		7BB3825B1864C80900391DC5 /* world01.tmx */ = {isa = PBXFileReference; fileEncoding = 4; lastKnownFileType = text.xml; path = world01.tmx; sourceTree = "<group>"; };
		7BB382A018709FFD00391DC5 /* not-walkable.png */ = {isa = PBXFileReference; lastKnownFileType = image.png; path = "not-walkable.png"; sourceTree = "<group>"; };
		7BB382A118709FFD00391DC5 /* walkable.png */ = {isa = PBXFileReference; lastKnownFileType = image.png; path = walkable.png; sourceTree = "<group>"; };
		7BB8B97B187CBF1D0078B7A1 /* battle-background-001.png */ = {isa = PBXFileReference; lastKnownFileType = image.png; path = "battle-background-001.png"; sourceTree = "<group>"; };
		7BB8B97D187E48850078B7A1 /* BattleState.cpp */ = {isa = PBXFileReference; fileEncoding = 4; lastKnownFileType = sourcecode.cpp.cpp; path = BattleState.cpp; sourceTree = "<group>"; };
		7BB8B97E187E48850078B7A1 /* BattleState.h */ = {isa = PBXFileReference; fileEncoding = 4; lastKnownFileType = sourcecode.c.h; path = BattleState.h; sourceTree = "<group>"; };
		7BB8B980187E58600078B7A1 /* battle.lua */ = {isa = PBXFileReference; fileEncoding = 4; lastKnownFileType = text; path = battle.lua; sourceTree = "<group>"; xcLanguageSpecificationIdentifier = xcode.lang.lua; };
		7BDB5BE5187F488D0039F9AA /* PauseMenuState.cpp */ = {isa = PBXFileReference; fileEncoding = 4; lastKnownFileType = sourcecode.cpp.cpp; path = PauseMenuState.cpp; sourceTree = "<group>"; };
		7BDB5BE6187F488D0039F9AA /* PauseMenuState.h */ = {isa = PBXFileReference; fileEncoding = 4; lastKnownFileType = sourcecode.c.h; path = PauseMenuState.h; sourceTree = "<group>"; };
		7BE4738818454E57002EA054 /* fonts.json */ = {isa = PBXFileReference; fileEncoding = 4; lastKnownFileType = text.json; path = fonts.json; sourceTree = "<group>"; };
		7BE4738E1845547C002EA054 /* libbase64++.h */ = {isa = PBXFileReference; fileEncoding = 4; lastKnownFileType = sourcecode.c.h; path = "libbase64++.h"; sourceTree = "<group>"; };
		7BE473901845547C002EA054 /* mempool.h */ = {isa = PBXFileReference; fileEncoding = 4; lastKnownFileType = sourcecode.c.h; path = mempool.h; sourceTree = "<group>"; };
		7BE473921845547C002EA054 /* internalJSONNode.cpp */ = {isa = PBXFileReference; fileEncoding = 4; lastKnownFileType = sourcecode.cpp.cpp; path = internalJSONNode.cpp; sourceTree = "<group>"; };
		7BE473931845547C002EA054 /* internalJSONNode.h */ = {isa = PBXFileReference; fileEncoding = 4; lastKnownFileType = sourcecode.c.h; path = internalJSONNode.h; sourceTree = "<group>"; };
		7BE473941845547C002EA054 /* JSON_Base64.h */ = {isa = PBXFileReference; fileEncoding = 4; lastKnownFileType = sourcecode.c.h; path = JSON_Base64.h; sourceTree = "<group>"; };
		7BE473951845547C002EA054 /* JSONAllocator.cpp */ = {isa = PBXFileReference; fileEncoding = 4; lastKnownFileType = sourcecode.cpp.cpp; path = JSONAllocator.cpp; sourceTree = "<group>"; };
		7BE473961845547C002EA054 /* JSONAllocator.h */ = {isa = PBXFileReference; fileEncoding = 4; lastKnownFileType = sourcecode.c.h; path = JSONAllocator.h; sourceTree = "<group>"; };
		7BE473971845547C002EA054 /* JSONChildren.cpp */ = {isa = PBXFileReference; fileEncoding = 4; lastKnownFileType = sourcecode.cpp.cpp; path = JSONChildren.cpp; sourceTree = "<group>"; };
		7BE473981845547C002EA054 /* JSONChildren.h */ = {isa = PBXFileReference; fileEncoding = 4; lastKnownFileType = sourcecode.c.h; path = JSONChildren.h; sourceTree = "<group>"; };
		7BE473991845547C002EA054 /* JSONDebug.cpp */ = {isa = PBXFileReference; fileEncoding = 4; lastKnownFileType = sourcecode.cpp.cpp; path = JSONDebug.cpp; sourceTree = "<group>"; };
		7BE4739A1845547C002EA054 /* JSONDebug.h */ = {isa = PBXFileReference; fileEncoding = 4; lastKnownFileType = sourcecode.c.h; path = JSONDebug.h; sourceTree = "<group>"; };
		7BE4739C1845547C002EA054 /* GNU_C.h */ = {isa = PBXFileReference; fileEncoding = 4; lastKnownFileType = sourcecode.c.h; path = GNU_C.h; sourceTree = "<group>"; };
		7BE4739D1845547C002EA054 /* Strings_Defs.h */ = {isa = PBXFileReference; fileEncoding = 4; lastKnownFileType = sourcecode.c.h; path = Strings_Defs.h; sourceTree = "<group>"; };
		7BE4739E1845547C002EA054 /* Unknown_C.h */ = {isa = PBXFileReference; fileEncoding = 4; lastKnownFileType = sourcecode.c.h; path = Unknown_C.h; sourceTree = "<group>"; };
		7BE4739F1845547C002EA054 /* Visual_C.h */ = {isa = PBXFileReference; fileEncoding = 4; lastKnownFileType = sourcecode.c.h; path = Visual_C.h; sourceTree = "<group>"; };
		7BE473A01845547C002EA054 /* JSONDefs.h */ = {isa = PBXFileReference; fileEncoding = 4; lastKnownFileType = sourcecode.c.h; path = JSONDefs.h; sourceTree = "<group>"; };
		7BE473A11845547C002EA054 /* JSONGlobals.h */ = {isa = PBXFileReference; fileEncoding = 4; lastKnownFileType = sourcecode.c.h; path = JSONGlobals.h; sourceTree = "<group>"; };
		7BE473A21845547C002EA054 /* JSONIterators.cpp */ = {isa = PBXFileReference; fileEncoding = 4; lastKnownFileType = sourcecode.cpp.cpp; path = JSONIterators.cpp; sourceTree = "<group>"; };
		7BE473A31845547C002EA054 /* JSONMemory.cpp */ = {isa = PBXFileReference; fileEncoding = 4; lastKnownFileType = sourcecode.cpp.cpp; path = JSONMemory.cpp; sourceTree = "<group>"; };
		7BE473A41845547C002EA054 /* JSONMemory.h */ = {isa = PBXFileReference; fileEncoding = 4; lastKnownFileType = sourcecode.c.h; path = JSONMemory.h; sourceTree = "<group>"; };
		7BE473A51845547C002EA054 /* JSONMemoryPool.h */ = {isa = PBXFileReference; fileEncoding = 4; lastKnownFileType = sourcecode.c.h; path = JSONMemoryPool.h; sourceTree = "<group>"; };
		7BE473A61845547C002EA054 /* JSONNode.cpp */ = {isa = PBXFileReference; fileEncoding = 4; lastKnownFileType = sourcecode.cpp.cpp; path = JSONNode.cpp; sourceTree = "<group>"; };
		7BE473A71845547C002EA054 /* JSONNode.h */ = {isa = PBXFileReference; fileEncoding = 4; lastKnownFileType = sourcecode.c.h; path = JSONNode.h; sourceTree = "<group>"; };
		7BE473A81845547C002EA054 /* JSONNode_Mutex.cpp */ = {isa = PBXFileReference; fileEncoding = 4; lastKnownFileType = sourcecode.cpp.cpp; path = JSONNode_Mutex.cpp; sourceTree = "<group>"; };
		7BE473A91845547C002EA054 /* JSONPreparse.cpp */ = {isa = PBXFileReference; fileEncoding = 4; lastKnownFileType = sourcecode.cpp.cpp; path = JSONPreparse.cpp; sourceTree = "<group>"; };
		7BE473AA1845547C002EA054 /* JSONPreparse.h */ = {isa = PBXFileReference; fileEncoding = 4; lastKnownFileType = sourcecode.c.h; path = JSONPreparse.h; sourceTree = "<group>"; };
		7BE473AB1845547C002EA054 /* JSONSharedString.h */ = {isa = PBXFileReference; fileEncoding = 4; lastKnownFileType = sourcecode.c.h; path = JSONSharedString.h; sourceTree = "<group>"; };
		7BE473AC1845547C002EA054 /* JSONSingleton.h */ = {isa = PBXFileReference; fileEncoding = 4; lastKnownFileType = sourcecode.c.h; path = JSONSingleton.h; sourceTree = "<group>"; };
		7BE473AD1845547C002EA054 /* JSONStats.h */ = {isa = PBXFileReference; fileEncoding = 4; lastKnownFileType = sourcecode.c.h; path = JSONStats.h; sourceTree = "<group>"; };
		7BE473AE1845547C002EA054 /* JSONStream.cpp */ = {isa = PBXFileReference; fileEncoding = 4; lastKnownFileType = sourcecode.cpp.cpp; path = JSONStream.cpp; sourceTree = "<group>"; };
		7BE473AF1845547C002EA054 /* JSONStream.h */ = {isa = PBXFileReference; fileEncoding = 4; lastKnownFileType = sourcecode.c.h; path = JSONStream.h; sourceTree = "<group>"; };
		7BE473B01845547C002EA054 /* JSONValidator.cpp */ = {isa = PBXFileReference; fileEncoding = 4; lastKnownFileType = sourcecode.cpp.cpp; path = JSONValidator.cpp; sourceTree = "<group>"; };
		7BE473B11845547C002EA054 /* JSONValidator.h */ = {isa = PBXFileReference; fileEncoding = 4; lastKnownFileType = sourcecode.c.h; path = JSONValidator.h; sourceTree = "<group>"; };
		7BE473B21845547C002EA054 /* JSONWorker.cpp */ = {isa = PBXFileReference; fileEncoding = 4; lastKnownFileType = sourcecode.cpp.cpp; path = JSONWorker.cpp; sourceTree = "<group>"; };
		7BE473B31845547C002EA054 /* JSONWorker.h */ = {isa = PBXFileReference; fileEncoding = 4; lastKnownFileType = sourcecode.c.h; path = JSONWorker.h; sourceTree = "<group>"; };
		7BE473B41845547C002EA054 /* JSONWriter.cpp */ = {isa = PBXFileReference; fileEncoding = 4; lastKnownFileType = sourcecode.cpp.cpp; path = JSONWriter.cpp; sourceTree = "<group>"; };
		7BE473B51845547C002EA054 /* libjson.cpp */ = {isa = PBXFileReference; fileEncoding = 4; lastKnownFileType = sourcecode.cpp.cpp; path = libjson.cpp; sourceTree = "<group>"; };
		7BE473B61845547C002EA054 /* NumberToString.h */ = {isa = PBXFileReference; fileEncoding = 4; lastKnownFileType = sourcecode.c.h; path = NumberToString.h; sourceTree = "<group>"; };
		7BE4743B1845547C002EA054 /* JSONOptions.h */ = {isa = PBXFileReference; fileEncoding = 4; lastKnownFileType = sourcecode.c.h; path = JSONOptions.h; sourceTree = "<group>"; };
		7BE4743C1845547C002EA054 /* libjson.h */ = {isa = PBXFileReference; fileEncoding = 4; lastKnownFileType = sourcecode.c.h; path = libjson.h; sourceTree = "<group>"; };
		7BE4743E1845547C002EA054 /* License.txt */ = {isa = PBXFileReference; fileEncoding = 4; lastKnownFileType = text; path = License.txt; sourceTree = "<group>"; };
		7BE4743F1845547C002EA054 /* makefile */ = {isa = PBXFileReference; fileEncoding = 4; lastKnownFileType = sourcecode.make; path = makefile; sourceTree = "<group>"; };
/* End PBXFileReference section */

/* Begin PBXFrameworksBuildPhase section */
		7B342A04183F09E000BA2C29 /* Frameworks */ = {
			isa = PBXFrameworksBuildPhase;
			buildActionMask = 2147483647;
			files = (
				7B342A5F1843E18600BA2C29 /* SDL2_image.framework in Frameworks */,
				7B342A601843E18600BA2C29 /* SDL2_mixer.framework in Frameworks */,
				7B342A611843E18600BA2C29 /* SDL2_ttf.framework in Frameworks */,
				7B342A621843E18600BA2C29 /* SDL2.framework in Frameworks */,
				7B342A42183F0CF600BA2C29 /* OpenGL.framework in Frameworks */,
				7B342A0B183F09E000BA2C29 /* Cocoa.framework in Frameworks */,
			);
			runOnlyForDeploymentPostprocessing = 0;
		};
/* End PBXFrameworksBuildPhase section */

/* Begin PBXGroup section */
		730B27991B182841002629F8 /* sqlite */ = {
			isa = PBXGroup;
			children = (
				730B279A1B182841002629F8 /* sqlite3.c */,
				730B279B1B182841002629F8 /* sqlite3.h */,
			);
			path = sqlite;
			sourceTree = "<group>";
		};
		730B27AB1B1C2CCF002629F8 /* Helpers */ = {
			isa = PBXGroup;
			children = (
				730B27AD1B1C2CE1002629F8 /* FileSystemHelpers.h */,
				730B27AF1B1C2DB3002629F8 /* AppleFileSystemHelpers.cpp */,
				730B27B01B1C2DB3002629F8 /* AppleFileSystemHelpers.h */,
				730B27B21B1CAA4D002629F8 /* StringHelpers.cpp */,
				730B27B31B1CAA4D002629F8 /* StringHelpers.h */,
			);
			name = Helpers;
			sourceTree = "<group>";
		};
		73568D4A1B26A79E00181CB2 /* PixChicago */ = {
			isa = PBXGroup;
			children = (
				73568D4B1B26A79E00181CB2 /* PixChicago.ttf */,
			);
			path = PixChicago;
			sourceTree = "<group>";
		};
		7377F2CB1B21420000D43B66 /* characters */ = {
			isa = PBXGroup;
			children = (
				7384E4241B22D23600D956F0 /* character01.json */,
				7384E4251B22D23600D956F0 /* character02.json */,
			);
			name = characters;
			sourceTree = "<group>";
		};
		7377F2CC1B21422E00D43B66 /* monsters */ = {
			isa = PBXGroup;
			children = (
				7384E41F1B22123700D956F0 /* slime.json */,
			);
			name = monsters;
			sourceTree = "<group>";
		};
		7384E4211B22522700D956F0 /* monsters */ = {
			isa = PBXGroup;
			children = (
				7384E4221B22529B00D956F0 /* slime.png */,
			);
			name = monsters;
			path = ..;
			sourceTree = "<group>";
		};
		7384E4281B22E27400D956F0 /* characters */ = {
			isa = PBXGroup;
			children = (
				7384E4291B22E29700D956F0 /* casie.png */,
				7384E42A1B22E29700D956F0 /* sean.png */,
			);
			name = characters;
			sourceTree = "<group>";
		};
		7B3429FE183F09E000BA2C29 = {
			isa = PBXGroup;
			children = (
				7377F2CC1B21422E00D43B66 /* monsters */,
				7377F2CB1B21420000D43B66 /* characters */,
				7B9A6101185F39290016BA1A /* maps */,
				7B9A6089184DA61F0016BA1A /* scripts */,
				7BE4738718454E44002EA054 /* resource_lists */,
				7BE4737018454D0C002EA054 /* libs */,
				7B342A781844686600BA2C29 /* fonts */,
				7B342A631843E53400BA2C29 /* README.md */,
				7B9A60E1185ADB0D0016BA1A /* images */,
				7B342A4F183F2CDA00BA2C29 /* Game Classes */,
				7B342A49183F0EE000BA2C29 /* main.cpp */,
				7B342A4A183F0EE000BA2C29 /* main.h */,
				7B342A10183F09E000BA2C29 /* SDL03 */,
				7B342A09183F09E000BA2C29 /* Frameworks */,
				7B342A08183F09E000BA2C29 /* Products */,
			);
			sourceTree = "<group>";
		};
		7B342A08183F09E000BA2C29 /* Products */ = {
			isa = PBXGroup;
			children = (
				7B342A07183F09E000BA2C29 /* SDL03.app */,
			);
			name = Products;
			sourceTree = "<group>";
		};
		7B342A09183F09E000BA2C29 /* Frameworks */ = {
			isa = PBXGroup;
			children = (
				7B342A5B1843E18600BA2C29 /* SDL2_image.framework */,
				7B342A5C1843E18600BA2C29 /* SDL2_mixer.framework */,
				7B342A5D1843E18600BA2C29 /* SDL2_ttf.framework */,
				7B342A5E1843E18600BA2C29 /* SDL2.framework */,
				7B342A41183F0CF500BA2C29 /* OpenGL.framework */,
				7B342A0A183F09E000BA2C29 /* Cocoa.framework */,
				7B342A29183F09E000BA2C29 /* XCTest.framework */,
				7B342A0C183F09E000BA2C29 /* Other Frameworks */,
			);
			name = Frameworks;
			sourceTree = "<group>";
		};
		7B342A0C183F09E000BA2C29 /* Other Frameworks */ = {
			isa = PBXGroup;
			children = (
				7B342A0D183F09E000BA2C29 /* AppKit.framework */,
				7B342A0E183F09E000BA2C29 /* CoreData.framework */,
				7B342A0F183F09E000BA2C29 /* Foundation.framework */,
			);
			name = "Other Frameworks";
			sourceTree = "<group>";
		};
		7B342A10183F09E000BA2C29 /* SDL03 */ = {
			isa = PBXGroup;
			children = (
				7B342A11183F09E000BA2C29 /* Supporting Files */,
			);
			path = SDL03;
			sourceTree = "<group>";
		};
		7B342A11183F09E000BA2C29 /* Supporting Files */ = {
			isa = PBXGroup;
			children = (
				7B342A12183F09E000BA2C29 /* SDL03-Info.plist */,
				7B342A13183F09E000BA2C29 /* InfoPlist.strings */,
				7B342A18183F09E000BA2C29 /* SDL03-Prefix.pch */,
			);
			name = "Supporting Files";
			sourceTree = "<group>";
		};
		7B342A4F183F2CDA00BA2C29 /* Game Classes */ = {
			isa = PBXGroup;
			children = (
				730B27AB1B1C2CCF002629F8 /* Helpers */,
				7B342A671844393E00BA2C29 /* Game Resources */,
				7B342A5718439B2500BA2C29 /* Game States */,
				7B342A50183F2D3A00BA2C29 /* Game Objects */,
				7B342A4C183F15A900BA2C29 /* GameEngine.cpp */,
				7B342A4D183F15A900BA2C29 /* GameEngine.h */,
			);
			name = "Game Classes";
			sourceTree = "<group>";
		};
		7B342A50183F2D3A00BA2C29 /* Game Objects */ = {
			isa = PBXGroup;
			children = (
				7B9A60EC185B557C0016BA1A /* GameImage.cpp */,
				7B9A60ED185B557C0016BA1A /* GameImage.h */,
				730B279D1B18EBB3002629F8 /* GameInputMapper.cpp */,
				7B890820187F4F7300C1E072 /* GameInputMapper.h */,
				7B9A60FB185EBD850016BA1A /* GameMap.cpp */,
				7B9A60FC185EBD850016BA1A /* GameMap.h */,
				7BB38258186353A900391DC5 /* GameMapLayer.cpp */,
				7BB38259186353A900391DC5 /* GameMapLayer.h */,
				7B53C168187A4BA700756488 /* GameMapObject.cpp */,
				7B53C169187A4BA700756488 /* GameMapObject.h */,
				7B9A60F8185EBD6E0016BA1A /* GameMapTile.cpp */,
				7B9A60F9185EBD6E0016BA1A /* GameMapTile.h */,
				7B342A51183F2D6900BA2C29 /* GameObject.cpp */,
				7B342A52183F2D6900BA2C29 /* GameObject.h */,
				730B27A81B1C12DB002629F8 /* GameSettings.cpp */,
				730B27A91B1C12DB002629F8 /* GameSettings.h */,
				7B9A608C184E49CC0016BA1A /* GameText.cpp */,
				7B9A608D184E49CC0016BA1A /* GameText.h */,
				7B9A60D41850CF990016BA1A /* lunar.h */,
				7377F2CD1B2142E700D43B66 /* GameParty.cpp */,
				7377F2CE1B2142E700D43B66 /* GameParty.h */,
				7377F2D01B21430D00D43B66 /* GameCharacter.cpp */,
				7377F2D11B21430D00D43B66 /* GameCharacter.h */,
				7377F2D31B21433500D43B66 /* GameMonster.cpp */,
				7377F2D41B21433500D43B66 /* GameMonster.h */,
			);
			name = "Game Objects";
			sourceTree = "<group>";
		};
		7B342A5718439B2500BA2C29 /* Game States */ = {
			isa = PBXGroup;
			children = (
				7BB8B97D187E48850078B7A1 /* BattleState.cpp */,
				7BB8B97E187E48850078B7A1 /* BattleState.h */,
				7B342A54184321DB00BA2C29 /* GameState.cpp */,
				7B342A55184321DB00BA2C29 /* GameState.h */,
				7B342A5818439C0D00BA2C29 /* IntroState.cpp */,
				7B342A5918439C0D00BA2C29 /* IntroState.h */,
				7B9A60DE185A78080016BA1A /* MainMenuState.cpp */,
				7B9A60DF185A78080016BA1A /* MainMenuState.h */,
				7B9A614F186025030016BA1A /* MapState.cpp */,
				7B9A6150186025030016BA1A /* MapState.h */,
				7BDB5BE5187F488D0039F9AA /* PauseMenuState.cpp */,
				7BDB5BE6187F488D0039F9AA /* PauseMenuState.h */,
				730B27B51B1E35DA002629F8 /* SettingsMenuState.cpp */,
				730B27B61B1E35DA002629F8 /* SettingsMenuState.h */,
			);
			name = "Game States";
			sourceTree = "<group>";
		};
		7B342A671844393E00BA2C29 /* Game Resources */ = {
			isa = PBXGroup;
			children = (
				7B342A6818443A9100BA2C29 /* GameFont.cpp */,
				7B342A6918443A9100BA2C29 /* GameFont.h */,
				7B342A64184430B300BA2C29 /* GameResource.cpp */,
				7B342A65184430B300BA2C29 /* GameResource.h */,
				7B9A60EF185B8B8E0016BA1A /* GameSong.cpp */,
				7B9A60F0185B8B8E0016BA1A /* GameSong.h */,
				7B342A6E18443AAE00BA2C29 /* GameSound.cpp */,
				7B342A6F18443AAE00BA2C29 /* GameSound.h */,
				7B342A6B18443AA200BA2C29 /* GameTexture.cpp */,
				7B342A6C18443AA200BA2C29 /* GameTexture.h */,
			);
			name = "Game Resources";
			sourceTree = "<group>";
		};
		7B342A781844686600BA2C29 /* fonts */ = {
			isa = PBXGroup;
			children = (
				73568D4A1B26A79E00181CB2 /* PixChicago */,
				7B342A791844686600BA2C29 /* DroidSans */,
			);
			path = fonts;
			sourceTree = "<group>";
		};
		7B342A791844686600BA2C29 /* DroidSans */ = {
			isa = PBXGroup;
			children = (
				7B342A7A1844686600BA2C29 /* Apache License.txt */,
				7B342A7B1844686600BA2C29 /* DroidSans-Bold.ttf */,
				7B342A7C1844686600BA2C29 /* DroidSans.ttf */,
			);
			path = DroidSans;
			sourceTree = "<group>";
		};
		7B9A6024184D3E810016BA1A /* lua */ = {
			isa = PBXGroup;
			children = (
				7B9A6025184D3E810016BA1A /* README */,
				7B9A6026184D3E810016BA1A /* src */,
			);
			path = lua;
			sourceTree = "<group>";
		};
		7B9A6026184D3E810016BA1A /* src */ = {
			isa = PBXGroup;
			children = (
				7B9A6027184D3E810016BA1A /* lapi.c */,
				7B9A6028184D3E810016BA1A /* lapi.h */,
				7B9A6029184D3E810016BA1A /* lauxlib.c */,
				7B9A602A184D3E810016BA1A /* lauxlib.h */,
				7B9A602B184D3E810016BA1A /* lbaselib.c */,
				7B9A602C184D3E810016BA1A /* lbitlib.c */,
				7B9A602D184D3E810016BA1A /* lcode.c */,
				7B9A602E184D3E810016BA1A /* lcode.h */,
				7B9A602F184D3E810016BA1A /* lcorolib.c */,
				7B9A6030184D3E810016BA1A /* lctype.c */,
				7B9A6031184D3E810016BA1A /* lctype.h */,
				7B9A6032184D3E810016BA1A /* ldblib.c */,
				7B9A6033184D3E810016BA1A /* ldebug.c */,
				7B9A6034184D3E810016BA1A /* ldebug.h */,
				7B9A6035184D3E810016BA1A /* ldo.c */,
				7B9A6036184D3E810016BA1A /* ldo.h */,
				7B9A6037184D3E810016BA1A /* ldump.c */,
				7B9A6038184D3E810016BA1A /* lfunc.c */,
				7B9A6039184D3E810016BA1A /* lfunc.h */,
				7B9A603A184D3E810016BA1A /* lgc.c */,
				7B9A603B184D3E810016BA1A /* lgc.h */,
				7B9A603C184D3E810016BA1A /* linit.c */,
				7B9A603D184D3E810016BA1A /* liolib.c */,
				7B9A603E184D3E810016BA1A /* llex.c */,
				7B9A603F184D3E810016BA1A /* llex.h */,
				7B9A6040184D3E810016BA1A /* llimits.h */,
				7B9A6041184D3E810016BA1A /* lmathlib.c */,
				7B9A6042184D3E810016BA1A /* lmem.c */,
				7B9A6043184D3E810016BA1A /* lmem.h */,
				7B9A6044184D3E810016BA1A /* loadlib.c */,
				7B9A6045184D3E810016BA1A /* lobject.c */,
				7B9A6046184D3E810016BA1A /* lobject.h */,
				7B9A6047184D3E810016BA1A /* lopcodes.c */,
				7B9A6048184D3E810016BA1A /* lopcodes.h */,
				7B9A6049184D3E810016BA1A /* loslib.c */,
				7B9A604A184D3E810016BA1A /* lparser.c */,
				7B9A604B184D3E810016BA1A /* lparser.h */,
				7B9A604C184D3E810016BA1A /* lstate.c */,
				7B9A604D184D3E810016BA1A /* lstate.h */,
				7B9A604E184D3E810016BA1A /* lstring.c */,
				7B9A604F184D3E810016BA1A /* lstring.h */,
				7B9A6050184D3E810016BA1A /* lstrlib.c */,
				7B9A6051184D3E810016BA1A /* ltable.c */,
				7B9A6052184D3E810016BA1A /* ltable.h */,
				7B9A6053184D3E810016BA1A /* ltablib.c */,
				7B9A6054184D3E810016BA1A /* ltm.c */,
				7B9A6055184D3E810016BA1A /* ltm.h */,
				7B9A6057184D3E810016BA1A /* lua.h */,
				7B9A6058184D3E810016BA1A /* lua.hpp */,
				7B9A605A184D3E810016BA1A /* luaconf.h */,
				7B9A605B184D3E810016BA1A /* lualib.h */,
				7B9A605C184D3E810016BA1A /* lundump.c */,
				7B9A605D184D3E810016BA1A /* lundump.h */,
				7B9A605E184D3E810016BA1A /* lvm.c */,
				7B9A605F184D3E810016BA1A /* lvm.h */,
				7B9A6060184D3E810016BA1A /* lzio.c */,
				7B9A6061184D3E810016BA1A /* lzio.h */,
				7B9A6062184D3E810016BA1A /* Makefile */,
			);
			path = src;
			sourceTree = "<group>";
		};
		7B9A6089184DA61F0016BA1A /* scripts */ = {
			isa = PBXGroup;
			children = (
				7BB8B980187E58600078B7A1 /* battle.lua */,
				7B9A608A184DA61F0016BA1A /* intro.lua */,
				730B279F1B19164F002629F8 /* keys.lua */,
				7B9A60EA185ADC580016BA1A /* main_menu.lua */,
				7B9A6152186029E70016BA1A /* map.lua */,
				7B9A60F2185BA4F50016BA1A /* sdl_keys.lua */,
				730B27B81B1E35EA002629F8 /* settings_menu.lua */,
			);
			path = scripts;
			sourceTree = "<group>";
		};
		7B9A60E1185ADB0D0016BA1A /* images */ = {
			isa = PBXGroup;
			children = (
				7384E4281B22E27400D956F0 /* characters */,
				7384E4211B22522700D956F0 /* monsters */,
				7BB8B97B187CBF1D0078B7A1 /* battle-background-001.png */,
				7B53C15D187666B400756488 /* brick-1.png */,
				7B9A60E2185ADB0D0016BA1A /* cursor-left.png */,
				7B9A60E3185ADB0D0016BA1A /* cursor-right.png */,
				7B53C1591870F1B500756488 /* dot.png */,
				7BB382501861453100391DC5 /* grass-1.png */,
				7BB382A018709FFD00391DC5 /* not-walkable.png */,
				7B53C163187A440700756488 /* town.png */,
				7BB382A118709FFD00391DC5 /* walkable.png */,
				7BB382511861453100391DC5 /* water-1.png */,
			);
			path = images;
			sourceTree = "<group>";
		};
		7B9A6101185F39290016BA1A /* maps */ = {
			isa = PBXGroup;
			children = (
				7B53C161187666E100756488 /* town01.json */,
				7B53C15F187666C600756488 /* town01.tmx */,
				7BB3825618634B5B00391DC5 /* world01.json */,
				7BB3825B1864C80900391DC5 /* world01.tmx */,
			);
			path = maps;
			sourceTree = "<group>";
		};
		7BE4737018454D0C002EA054 /* libs */ = {
			isa = PBXGroup;
			children = (
				7BE4738A1845547C002EA054 /* libjson */,
				7B9A6024184D3E810016BA1A /* lua */,
				730B27991B182841002629F8 /* sqlite */,
			);
			path = libs;
			sourceTree = "<group>";
		};
		7BE4738718454E44002EA054 /* resource_lists */ = {
			isa = PBXGroup;
			children = (
				73568D461B263D6600181CB2 /* battle_sounds.json */,
				73568D471B263D6600181CB2 /* battle_textures.json */,
				7BE4738818454E57002EA054 /* fonts.json */,
				7B9A60F6185BBB920016BA1A /* intro_songs.json */,
				7B9A6091184E79970016BA1A /* intro_sounds.json */,
				7B9A608F184E798A0016BA1A /* intro_textures.json */,
				7B9A60F4185BBB7C0016BA1A /* main_menu_songs.json */,
				7B9A60E8185ADC0E0016BA1A /* main_menu_sounds.json */,
				7B9A60E6185ADBC70016BA1A /* main_menu_textures.json */,
				730B27BA1B1E3B2F002629F8 /* settings_menu_sounds.json */,
				730B27BB1B1E3B2F002629F8 /* settings_menu_textures.json */,
			);
			path = resource_lists;
			sourceTree = "<group>";
		};
		7BE4738A1845547C002EA054 /* libjson */ = {
			isa = PBXGroup;
			children = (
				7BE4738B1845547C002EA054 /* _internal */,
				7BE4743B1845547C002EA054 /* JSONOptions.h */,
				7BE4743C1845547C002EA054 /* libjson.h */,
				7BE4743E1845547C002EA054 /* License.txt */,
				7BE4743F1845547C002EA054 /* makefile */,
			);
			path = libjson;
			sourceTree = "<group>";
		};
		7BE4738B1845547C002EA054 /* _internal */ = {
			isa = PBXGroup;
			children = (
				7BE4738C1845547C002EA054 /* Dependencies */,
				7BE473911845547C002EA054 /* Source */,
			);
			path = _internal;
			sourceTree = "<group>";
		};
		7BE4738C1845547C002EA054 /* Dependencies */ = {
			isa = PBXGroup;
			children = (
				7BE4738D1845547C002EA054 /* libbase64++ */,
				7BE4738F1845547C002EA054 /* mempool++ */,
			);
			path = Dependencies;
			sourceTree = "<group>";
		};
		7BE4738D1845547C002EA054 /* libbase64++ */ = {
			isa = PBXGroup;
			children = (
				7BE4738E1845547C002EA054 /* libbase64++.h */,
			);
			path = "libbase64++";
			sourceTree = "<group>";
		};
		7BE4738F1845547C002EA054 /* mempool++ */ = {
			isa = PBXGroup;
			children = (
				7BE473901845547C002EA054 /* mempool.h */,
			);
			path = "mempool++";
			sourceTree = "<group>";
		};
		7BE473911845547C002EA054 /* Source */ = {
			isa = PBXGroup;
			children = (
				7BE473921845547C002EA054 /* internalJSONNode.cpp */,
				7BE473931845547C002EA054 /* internalJSONNode.h */,
				7BE473941845547C002EA054 /* JSON_Base64.h */,
				7BE473951845547C002EA054 /* JSONAllocator.cpp */,
				7BE473961845547C002EA054 /* JSONAllocator.h */,
				7BE473971845547C002EA054 /* JSONChildren.cpp */,
				7BE473981845547C002EA054 /* JSONChildren.h */,
				7BE473991845547C002EA054 /* JSONDebug.cpp */,
				7BE4739A1845547C002EA054 /* JSONDebug.h */,
				7BE4739B1845547C002EA054 /* JSONDefs */,
				7BE473A01845547C002EA054 /* JSONDefs.h */,
				7BE473A11845547C002EA054 /* JSONGlobals.h */,
				7BE473A21845547C002EA054 /* JSONIterators.cpp */,
				7BE473A31845547C002EA054 /* JSONMemory.cpp */,
				7BE473A41845547C002EA054 /* JSONMemory.h */,
				7BE473A51845547C002EA054 /* JSONMemoryPool.h */,
				7BE473A61845547C002EA054 /* JSONNode.cpp */,
				7BE473A71845547C002EA054 /* JSONNode.h */,
				7BE473A81845547C002EA054 /* JSONNode_Mutex.cpp */,
				7BE473A91845547C002EA054 /* JSONPreparse.cpp */,
				7BE473AA1845547C002EA054 /* JSONPreparse.h */,
				7BE473AB1845547C002EA054 /* JSONSharedString.h */,
				7BE473AC1845547C002EA054 /* JSONSingleton.h */,
				7BE473AD1845547C002EA054 /* JSONStats.h */,
				7BE473AE1845547C002EA054 /* JSONStream.cpp */,
				7BE473AF1845547C002EA054 /* JSONStream.h */,
				7BE473B01845547C002EA054 /* JSONValidator.cpp */,
				7BE473B11845547C002EA054 /* JSONValidator.h */,
				7BE473B21845547C002EA054 /* JSONWorker.cpp */,
				7BE473B31845547C002EA054 /* JSONWorker.h */,
				7BE473B41845547C002EA054 /* JSONWriter.cpp */,
				7BE473B51845547C002EA054 /* libjson.cpp */,
				7BE473B61845547C002EA054 /* NumberToString.h */,
			);
			path = Source;
			sourceTree = "<group>";
		};
		7BE4739B1845547C002EA054 /* JSONDefs */ = {
			isa = PBXGroup;
			children = (
				7BE4739C1845547C002EA054 /* GNU_C.h */,
				7BE4739D1845547C002EA054 /* Strings_Defs.h */,
				7BE4739E1845547C002EA054 /* Unknown_C.h */,
				7BE4739F1845547C002EA054 /* Visual_C.h */,
			);
			path = JSONDefs;
			sourceTree = "<group>";
		};
/* End PBXGroup section */

/* Begin PBXNativeTarget section */
		7B342A06183F09E000BA2C29 /* SDL03 */ = {
			isa = PBXNativeTarget;
			buildConfigurationList = 7B342A38183F09E000BA2C29 /* Build configuration list for PBXNativeTarget "SDL03" */;
			buildPhases = (
				7B342A03183F09E000BA2C29 /* Sources */,
				7B342A04183F09E000BA2C29 /* Frameworks */,
				7B342A05183F09E000BA2C29 /* Resources */,
				7B9A60D8185A35940016BA1A /* CopyFiles */,
			);
			buildRules = (
			);
			dependencies = (
			);
			name = SDL03;
			productName = SDL03;
			productReference = 7B342A07183F09E000BA2C29 /* SDL03.app */;
			productType = "com.apple.product-type.application";
		};
/* End PBXNativeTarget section */

/* Begin PBXProject section */
		7B3429FF183F09E000BA2C29 /* Project object */ = {
			isa = PBXProject;
			attributes = {
				LastUpgradeCheck = 0500;
				ORGANIZATIONNAME = "Sean Eshbaugh";
			};
			buildConfigurationList = 7B342A02183F09E000BA2C29 /* Build configuration list for PBXProject "SDL03" */;
			compatibilityVersion = "Xcode 3.2";
			developmentRegion = English;
			hasScannedForEncodings = 0;
			knownRegions = (
				en,
				Base,
			);
			mainGroup = 7B3429FE183F09E000BA2C29;
			productRefGroup = 7B342A08183F09E000BA2C29 /* Products */;
			projectDirPath = "";
			projectRoot = "";
			targets = (
				7B342A06183F09E000BA2C29 /* SDL03 */,
			);
		};
/* End PBXProject section */

/* Begin PBXResourcesBuildPhase section */
		7B342A05183F09E000BA2C29 /* Resources */ = {
			isa = PBXResourcesBuildPhase;
			buildActionMask = 2147483647;
			files = (
				7B9A60E5185ADB0D0016BA1A /* cursor-right.png in Resources */,
				7BE4738918454E57002EA054 /* fonts.json in Resources */,
				7384E4201B22123700D956F0 /* slime.json in Resources */,
				730B27B91B1E35EA002629F8 /* settings_menu.lua in Resources */,
				7B53C162187666E100756488 /* town01.json in Resources */,
				7B342A7F1844686600BA2C29 /* DroidSans.ttf in Resources */,
				7384E4231B22529B00D956F0 /* slime.png in Resources */,
				7B9A60E9185ADC0E0016BA1A /* main_menu_sounds.json in Resources */,
				7BB3825C1864C80900391DC5 /* world01.tmx in Resources */,
				7B9A60F5185BBB7C0016BA1A /* main_menu_songs.json in Resources */,
				7BB382531861453100391DC5 /* water-1.png in Resources */,
				73568D491B263D6600181CB2 /* battle_textures.json in Resources */,
				7BB382A318709FFD00391DC5 /* walkable.png in Resources */,
				7B9A60F7185BBB920016BA1A /* intro_songs.json in Resources */,
				73568D4C1B26A79E00181CB2 /* PixChicago.ttf in Resources */,
				7BB382521861453100391DC5 /* grass-1.png in Resources */,
				7384E42C1B22E29700D956F0 /* sean.png in Resources */,
				7B53C164187A440700756488 /* town.png in Resources */,
				7B9A60EB185ADC580016BA1A /* main_menu.lua in Resources */,
				7384E4261B22D23600D956F0 /* character01.json in Resources */,
				7B9A60E4185ADB0D0016BA1A /* cursor-left.png in Resources */,
				7BE474A31845547C002EA054 /* License.txt in Resources */,
				7BB382A218709FFD00391DC5 /* not-walkable.png in Resources */,
				7B342A7E1844686600BA2C29 /* DroidSans-Bold.ttf in Resources */,
				7B53C15E187666B400756488 /* brick-1.png in Resources */,
				7B9A60E7185ADBC70016BA1A /* main_menu_textures.json in Resources */,
				730B27A01B19164F002629F8 /* keys.lua in Resources */,
				7B342A15183F09E000BA2C29 /* InfoPlist.strings in Resources */,
				7B9A60F3185BA4F50016BA1A /* sdl_keys.lua in Resources */,
				730B27BD1B1E3B2F002629F8 /* settings_menu_textures.json in Resources */,
				7B9A6090184E798A0016BA1A /* intro_textures.json in Resources */,
				7BB8B981187E58600078B7A1 /* battle.lua in Resources */,
				7384E42B1B22E29700D956F0 /* casie.png in Resources */,
				73568D481B263D6600181CB2 /* battle_sounds.json in Resources */,
				7B53C160187666C600756488 /* town01.tmx in Resources */,
				7B9A608B184DA61F0016BA1A /* intro.lua in Resources */,
				7384E4271B22D23600D956F0 /* character02.json in Resources */,
				7B342A7D1844686600BA2C29 /* Apache License.txt in Resources */,
				730B27BC1B1E3B2F002629F8 /* settings_menu_sounds.json in Resources */,
				7B53C15A1870F1B500756488 /* dot.png in Resources */,
				7B9A6092184E79970016BA1A /* intro_sounds.json in Resources */,
				7B9A6153186029E70016BA1A /* map.lua in Resources */,
				7BB3825718634B5B00391DC5 /* world01.json in Resources */,
				7B9A6063184D3E810016BA1A /* README in Resources */,
				7BB8B97C187CBF1D0078B7A1 /* battle-background-001.png in Resources */,
			);
			runOnlyForDeploymentPostprocessing = 0;
		};
/* End PBXResourcesBuildPhase section */

/* Begin PBXSourcesBuildPhase section */
		7B342A03183F09E000BA2C29 /* Sources */ = {
			isa = PBXSourcesBuildPhase;
			buildActionMask = 2147483647;
			files = (
				7B9A606F184D3E810016BA1A /* lfunc.c in Sources */,
				7B9A6064184D3E810016BA1A /* lapi.c in Sources */,
				7377F2D51B21433500D43B66 /* GameMonster.cpp in Sources */,
				7BB3825A186353A900391DC5 /* GameMapLayer.cpp in Sources */,
				7B9A607D184D3E810016BA1A /* lstrlib.c in Sources */,
				7BE474421845547C002EA054 /* JSONChildren.cpp in Sources */,
				7B9A606B184D3E810016BA1A /* ldblib.c in Sources */,
				7B9A6084184D3E810016BA1A /* lvm.c in Sources */,
				7B342A53183F2D6900BA2C29 /* GameObject.cpp in Sources */,
				7B53C16A187A4BA700756488 /* GameMapObject.cpp in Sources */,
				7B9A6083184D3E810016BA1A /* lundump.c in Sources */,
				730B279E1B18EBB3002629F8 /* GameInputMapper.cpp in Sources */,
				7B9A6069184D3E810016BA1A /* lcorolib.c in Sources */,
				7BE4744D1845547C002EA054 /* libjson.cpp in Sources */,
				7377F2CF1B2142E700D43B66 /* GameParty.cpp in Sources */,
				7B9A60FD185EBD850016BA1A /* GameMap.cpp in Sources */,
				7B9A607F184D3E810016BA1A /* ltablib.c in Sources */,
				7BE474431845547C002EA054 /* JSONDebug.cpp in Sources */,
				7B9A6076184D3E810016BA1A /* loadlib.c in Sources */,
				7BE474451845547C002EA054 /* JSONMemory.cpp in Sources */,
				7B9A608E184E49CC0016BA1A /* GameText.cpp in Sources */,
				7B342A56184321DB00BA2C29 /* GameState.cpp in Sources */,
				730B279C1B182841002629F8 /* sqlite3.c in Sources */,
				7B9A6086184D3E810016BA1A /* Makefile in Sources */,
				7B9A6065184D3E810016BA1A /* lauxlib.c in Sources */,
				7B9A6080184D3E810016BA1A /* ltm.c in Sources */,
				7B9A606E184D3E810016BA1A /* ldump.c in Sources */,
				7B9A6074184D3E810016BA1A /* lmathlib.c in Sources */,
				7B9A6067184D3E810016BA1A /* lbitlib.c in Sources */,
				7B342A4B183F0EE000BA2C29 /* main.cpp in Sources */,
				7B9A60EE185B557C0016BA1A /* GameImage.cpp in Sources */,
				7B342A6D18443AA200BA2C29 /* GameTexture.cpp in Sources */,
				7B9A6077184D3E810016BA1A /* lobject.c in Sources */,
				730B27B71B1E35DA002629F8 /* SettingsMenuState.cpp in Sources */,
				7B9A6072184D3E810016BA1A /* liolib.c in Sources */,
				7B9A6151186025030016BA1A /* MapState.cpp in Sources */,
				730B27B41B1CAA4D002629F8 /* StringHelpers.cpp in Sources */,
				7BE474471845547C002EA054 /* JSONNode_Mutex.cpp in Sources */,
				7B9A6070184D3E810016BA1A /* lgc.c in Sources */,
				7B9A6068184D3E810016BA1A /* lcode.c in Sources */,
				7B342A66184430B300BA2C29 /* GameResource.cpp in Sources */,
				7B9A6073184D3E810016BA1A /* llex.c in Sources */,
				7BE474481845547C002EA054 /* JSONPreparse.cpp in Sources */,
				7BE4744C1845547C002EA054 /* JSONWriter.cpp in Sources */,
				7B9A6079184D3E810016BA1A /* loslib.c in Sources */,
				7BE4744A1845547C002EA054 /* JSONValidator.cpp in Sources */,
				7377F2D21B21430D00D43B66 /* GameCharacter.cpp in Sources */,
				7B9A606D184D3E810016BA1A /* ldo.c in Sources */,
				7BE474411845547C002EA054 /* JSONAllocator.cpp in Sources */,
				7B342A4E183F15A900BA2C29 /* GameEngine.cpp in Sources */,
				7BDB5BE7187F488D0039F9AA /* PauseMenuState.cpp in Sources */,
				7B9A6066184D3E810016BA1A /* lbaselib.c in Sources */,
				7BE474401845547C002EA054 /* internalJSONNode.cpp in Sources */,
				7B9A60F1185B8B8E0016BA1A /* GameSong.cpp in Sources */,
				7B9A60E0185A78080016BA1A /* MainMenuState.cpp in Sources */,
				7B342A6A18443A9100BA2C29 /* GameFont.cpp in Sources */,
				7B342A7018443AAE00BA2C29 /* GameSound.cpp in Sources */,
				7B9A607E184D3E810016BA1A /* ltable.c in Sources */,
				7B9A606C184D3E810016BA1A /* ldebug.c in Sources */,
				7B9A6071184D3E810016BA1A /* linit.c in Sources */,
				7B9A6075184D3E810016BA1A /* lmem.c in Sources */,
				7B9A607B184D3E810016BA1A /* lstate.c in Sources */,
				7B9A60FA185EBD6F0016BA1A /* GameMapTile.cpp in Sources */,
				7B9A6085184D3E810016BA1A /* lzio.c in Sources */,
				7B9A6078184D3E810016BA1A /* lopcodes.c in Sources */,
				7B9A607A184D3E810016BA1A /* lparser.c in Sources */,
				730B27B11B1C2DB3002629F8 /* AppleFileSystemHelpers.cpp in Sources */,
				730B27AA1B1C12DB002629F8 /* GameSettings.cpp in Sources */,
				7BE474461845547C002EA054 /* JSONNode.cpp in Sources */,
				7BE474A41845547C002EA054 /* makefile in Sources */,
				7BE4744B1845547C002EA054 /* JSONWorker.cpp in Sources */,
				7BB8B97F187E48850078B7A1 /* BattleState.cpp in Sources */,
				7B9A606A184D3E810016BA1A /* lctype.c in Sources */,
				7BE474491845547C002EA054 /* JSONStream.cpp in Sources */,
				7B342A5A18439C0D00BA2C29 /* IntroState.cpp in Sources */,
				7B9A607C184D3E810016BA1A /* lstring.c in Sources */,
				7BE474441845547C002EA054 /* JSONIterators.cpp in Sources */,
			);
			runOnlyForDeploymentPostprocessing = 0;
		};
/* End PBXSourcesBuildPhase section */

/* Begin PBXVariantGroup section */
		7B342A13183F09E000BA2C29 /* InfoPlist.strings */ = {
			isa = PBXVariantGroup;
			children = (
				7B342A14183F09E000BA2C29 /* en */,
			);
			name = InfoPlist.strings;
			sourceTree = "<group>";
		};
/* End PBXVariantGroup section */

/* Begin XCBuildConfiguration section */
		7B342A36183F09E000BA2C29 /* Debug */ = {
			isa = XCBuildConfiguration;
			buildSettings = {
				ALWAYS_SEARCH_USER_PATHS = NO;
				CLANG_CXX_LANGUAGE_STANDARD = "gnu++0x";
				CLANG_CXX_LIBRARY = "libc++";
				CLANG_ENABLE_OBJC_ARC = YES;
				CLANG_WARN_BOOL_CONVERSION = YES;
				CLANG_WARN_CONSTANT_CONVERSION = YES;
				CLANG_WARN_DIRECT_OBJC_ISA_USAGE = YES_ERROR;
				CLANG_WARN_EMPTY_BODY = YES;
				CLANG_WARN_ENUM_CONVERSION = YES;
				CLANG_WARN_INT_CONVERSION = YES;
				CLANG_WARN_OBJC_ROOT_CLASS = YES_ERROR;
				CLANG_WARN__DUPLICATE_METHOD_MATCH = YES;
				COPY_PHASE_STRIP = NO;
				GCC_C_LANGUAGE_STANDARD = gnu99;
				GCC_DYNAMIC_NO_PIC = NO;
				GCC_ENABLE_OBJC_EXCEPTIONS = YES;
				GCC_OPTIMIZATION_LEVEL = 0;
				GCC_PREPROCESSOR_DEFINITIONS = (
					"DEBUG=1",
					"$(inherited)",
				);
				GCC_SYMBOLS_PRIVATE_EXTERN = NO;
				GCC_WARN_64_TO_32_BIT_CONVERSION = YES;
				GCC_WARN_ABOUT_RETURN_TYPE = YES_ERROR;
				GCC_WARN_UNDECLARED_SELECTOR = YES;
				GCC_WARN_UNINITIALIZED_AUTOS = YES;
				GCC_WARN_UNUSED_FUNCTION = YES;
				GCC_WARN_UNUSED_VARIABLE = YES;
				MACOSX_DEPLOYMENT_TARGET = 10.9;
				ONLY_ACTIVE_ARCH = YES;
				SDKROOT = macosx;
			};
			name = Debug;
		};
		7B342A37183F09E000BA2C29 /* Release */ = {
			isa = XCBuildConfiguration;
			buildSettings = {
				ALWAYS_SEARCH_USER_PATHS = NO;
				CLANG_CXX_LANGUAGE_STANDARD = "gnu++0x";
				CLANG_CXX_LIBRARY = "libc++";
				CLANG_ENABLE_OBJC_ARC = YES;
				CLANG_WARN_BOOL_CONVERSION = YES;
				CLANG_WARN_CONSTANT_CONVERSION = YES;
				CLANG_WARN_DIRECT_OBJC_ISA_USAGE = YES_ERROR;
				CLANG_WARN_EMPTY_BODY = YES;
				CLANG_WARN_ENUM_CONVERSION = YES;
				CLANG_WARN_INT_CONVERSION = YES;
				CLANG_WARN_OBJC_ROOT_CLASS = YES_ERROR;
				CLANG_WARN__DUPLICATE_METHOD_MATCH = YES;
				COPY_PHASE_STRIP = YES;
				DEBUG_INFORMATION_FORMAT = "dwarf-with-dsym";
				ENABLE_NS_ASSERTIONS = NO;
				GCC_C_LANGUAGE_STANDARD = gnu99;
				GCC_ENABLE_OBJC_EXCEPTIONS = YES;
				GCC_WARN_64_TO_32_BIT_CONVERSION = YES;
				GCC_WARN_ABOUT_RETURN_TYPE = YES_ERROR;
				GCC_WARN_UNDECLARED_SELECTOR = YES;
				GCC_WARN_UNINITIALIZED_AUTOS = YES;
				GCC_WARN_UNUSED_FUNCTION = YES;
				GCC_WARN_UNUSED_VARIABLE = YES;
				MACOSX_DEPLOYMENT_TARGET = 10.9;
				SDKROOT = macosx;
			};
			name = Release;
		};
		7B342A39183F09E000BA2C29 /* Debug */ = {
			isa = XCBuildConfiguration;
			buildSettings = {
				ASSETCATALOG_COMPILER_APPICON_NAME = AppIcon;
				CLANG_ENABLE_OBJC_ARC = NO;
				COMBINE_HIDPI_IMAGES = YES;
				FRAMEWORK_SEARCH_PATHS = (
					"$(inherited)",
					"$(LOCAL_LIBRARY_DIR)/Frameworks",
				);
				GCC_PRECOMPILE_PREFIX_HEADER = YES;
				GCC_PREFIX_HEADER = "SDL03/SDL03-Prefix.pch";
				INFOPLIST_FILE = "SDL03/SDL03-Info.plist";
				LD_RUNPATH_SEARCH_PATHS = "@loader_path/../Frameworks";
				PRODUCT_NAME = "$(TARGET_NAME)";
				USER_HEADER_SEARCH_PATHS = "/Library/Frameworks/SDL2.framework/Headers /Library/Frameworks/SDL2_image.framework/Headers /Library/Frameworks/SDL2_mixer.framework/Headers /Library/Frameworks/SDL2_ttf.framework/Headers";
				WRAPPER_EXTENSION = app;
			};
			name = Debug;
		};
		7B342A3A183F09E000BA2C29 /* Release */ = {
			isa = XCBuildConfiguration;
			buildSettings = {
				ASSETCATALOG_COMPILER_APPICON_NAME = AppIcon;
				CLANG_ENABLE_OBJC_ARC = NO;
				COMBINE_HIDPI_IMAGES = YES;
				FRAMEWORK_SEARCH_PATHS = (
					"$(inherited)",
					"$(LOCAL_LIBRARY_DIR)/Frameworks",
				);
				GCC_PRECOMPILE_PREFIX_HEADER = YES;
				GCC_PREFIX_HEADER = "SDL03/SDL03-Prefix.pch";
				INFOPLIST_FILE = "SDL03/SDL03-Info.plist";
				LD_RUNPATH_SEARCH_PATHS = "@loader_path/../Frameworks";
				ONLY_ACTIVE_ARCH = YES;
				PRODUCT_NAME = "$(TARGET_NAME)";
				USER_HEADER_SEARCH_PATHS = "/Library/Frameworks/SDL2.framework/Headers /Library/Frameworks/SDL2_image.framework/Headers /Library/Frameworks/SDL2_mixer.framework/Headers /Library/Frameworks/SDL2_ttf.framework/Headers";
				WRAPPER_EXTENSION = app;
			};
			name = Release;
		};
/* End XCBuildConfiguration section */

/* Begin XCConfigurationList section */
		7B342A02183F09E000BA2C29 /* Build configuration list for PBXProject "SDL03" */ = {
			isa = XCConfigurationList;
			buildConfigurations = (
				7B342A36183F09E000BA2C29 /* Debug */,
				7B342A37183F09E000BA2C29 /* Release */,
			);
			defaultConfigurationIsVisible = 0;
			defaultConfigurationName = Release;
		};
		7B342A38183F09E000BA2C29 /* Build configuration list for PBXNativeTarget "SDL03" */ = {
			isa = XCConfigurationList;
			buildConfigurations = (
				7B342A39183F09E000BA2C29 /* Debug */,
				7B342A3A183F09E000BA2C29 /* Release */,
			);
			defaultConfigurationIsVisible = 0;
			defaultConfigurationName = Release;
		};
/* End XCConfigurationList section */
	};
	rootObject = 7B3429FF183F09E000BA2C29 /* Project object */;
}
